// !$*UTF8*$!
{
	archiveVersion = 1;
	classes = {
	};
	objectVersion = 50;
	objects = {

/* Begin PBXBuildFile section */
		4103EE4B213A5CB200E46534 /* Secrets.h in Headers */ = {isa = PBXBuildFile; fileRef = 4103EE3B213A5CB200E46534 /* Secrets.h */; settings = {ATTRIBUTES = (Public, ); }; };
		4103EE4E213A5CB200E46534 /* Secrets.framework in Frameworks */ = {isa = PBXBuildFile; fileRef = 4103EE39213A5CB200E46534 /* Secrets.framework */; };
		4103EE4F213A5CB200E46534 /* Secrets.framework in Embed Frameworks */ = {isa = PBXBuildFile; fileRef = 4103EE39213A5CB200E46534 /* Secrets.framework */; settings = {ATTRIBUTES = (CodeSignOnCopy, RemoveHeadersOnCopy, ); }; };
		4103EE56213A5CE900E46534 /* HasSecrets.swift in Sources */ = {isa = PBXBuildFile; fileRef = 4103EE30213A5B0B00E46534 /* HasSecrets.swift */; };
		4103EE57213A5CE900E46534 /* Secrets.swift in Sources */ = {isa = PBXBuildFile; fileRef = 4103EE32213A5B2600E46534 /* Secrets.swift */; };
		4103EE59213A5EA700E46534 /* Secrets.framework in Frameworks */ = {isa = PBXBuildFile; fileRef = 4103EE39213A5CB200E46534 /* Secrets.framework */; };
		4103EE5A213A5EA700E46534 /* Secrets.framework in Embed Frameworks */ = {isa = PBXBuildFile; fileRef = 4103EE39213A5CB200E46534 /* Secrets.framework */; settings = {ATTRIBUTES = (CodeSignOnCopy, RemoveHeadersOnCopy, ); }; };
		4112D3A020C1FB0D00FABEB3 /* AppDelegate.swift in Sources */ = {isa = PBXBuildFile; fileRef = 4112D39F20C1FB0D00FABEB3 /* AppDelegate.swift */; };
		4112D3A220C1FB0D00FABEB3 /* ViewController.swift in Sources */ = {isa = PBXBuildFile; fileRef = 4112D3A120C1FB0D00FABEB3 /* ViewController.swift */; };
		4112D3A520C1FB0D00FABEB3 /* Main.storyboard in Resources */ = {isa = PBXBuildFile; fileRef = 4112D3A320C1FB0D00FABEB3 /* Main.storyboard */; };
		4112D3A720C1FB0E00FABEB3 /* Assets.xcassets in Resources */ = {isa = PBXBuildFile; fileRef = 4112D3A620C1FB0E00FABEB3 /* Assets.xcassets */; };
		4112D3AA20C1FB0E00FABEB3 /* LaunchScreen.storyboard in Resources */ = {isa = PBXBuildFile; fileRef = 4112D3A820C1FB0E00FABEB3 /* LaunchScreen.storyboard */; };
		4116C5BB20C8060500B8433E /* PnutAPI.framework in Frameworks */ = {isa = PBXBuildFile; fileRef = 41869DEC20C2920900F98D00 /* PnutAPI.framework */; };
		4116C5BC20C8060500B8433E /* PnutAPI.framework in Embed Frameworks */ = {isa = PBXBuildFile; fileRef = 41869DEC20C2920900F98D00 /* PnutAPI.framework */; settings = {ATTRIBUTES = (CodeSignOnCopy, RemoveHeadersOnCopy, ); }; };
		4116C5C020C8070500B8433E /* APIKit.framework in Frameworks */ = {isa = PBXBuildFile; fileRef = 417A3ED720C212CE0051B74B /* APIKit.framework */; };
		4116C5C120C8070500B8433E /* APIKit.framework in Embed Frameworks */ = {isa = PBXBuildFile; fileRef = 417A3ED720C212CE0051B74B /* APIKit.framework */; settings = {ATTRIBUTES = (CodeSignOnCopy, RemoveHeadersOnCopy, ); }; };
		4116C5C220C8070500B8433E /* OAuthSwift.framework in Frameworks */ = {isa = PBXBuildFile; fileRef = 417A3ED920C212CF0051B74B /* OAuthSwift.framework */; };
		4116C5C320C8070500B8433E /* OAuthSwift.framework in Embed Frameworks */ = {isa = PBXBuildFile; fileRef = 417A3ED920C212CF0051B74B /* OAuthSwift.framework */; settings = {ATTRIBUTES = (CodeSignOnCopy, RemoveHeadersOnCopy, ); }; };
		4116C5C420C8070500B8433E /* Result.framework in Frameworks */ = {isa = PBXBuildFile; fileRef = 417A3ED820C212CF0051B74B /* Result.framework */; };
		4116C5C520C8070500B8433E /* Result.framework in Embed Frameworks */ = {isa = PBXBuildFile; fileRef = 417A3ED820C212CF0051B74B /* Result.framework */; settings = {ATTRIBUTES = (CodeSignOnCopy, RemoveHeadersOnCopy, ); }; };
		4116C5CF20C94D3500B8433E /* PostViewController.h in Headers */ = {isa = PBXBuildFile; fileRef = 4116C5CD20C94D3500B8433E /* PostViewController.h */; settings = {ATTRIBUTES = (Public, ); }; };
		4116C5D220C94D3500B8433E /* PostViewController.framework in Frameworks */ = {isa = PBXBuildFile; fileRef = 4116C5CB20C94D3500B8433E /* PostViewController.framework */; };
		4116C5D320C94D3500B8433E /* PostViewController.framework in Embed Frameworks */ = {isa = PBXBuildFile; fileRef = 4116C5CB20C94D3500B8433E /* PostViewController.framework */; settings = {ATTRIBUTES = (CodeSignOnCopy, RemoveHeadersOnCopy, ); }; };
		4116C5D820C94D7800B8433E /* PostViewController.swift in Sources */ = {isa = PBXBuildFile; fileRef = 4116C5B820C7EA1A00B8433E /* PostViewController.swift */; };
		4116C5D920C94D8100B8433E /* Post.storyboard in Resources */ = {isa = PBXBuildFile; fileRef = 41869E7120C3867A00F98D00 /* Post.storyboard */; };
		4116C5DD20C9539100B8433E /* PostViewController.framework in Frameworks */ = {isa = PBXBuildFile; fileRef = 4116C5CB20C94D3500B8433E /* PostViewController.framework */; };
		4116C5DE20C9539100B8433E /* PostViewController.framework in Embed Frameworks */ = {isa = PBXBuildFile; fileRef = 4116C5CB20C94D3500B8433E /* PostViewController.framework */; settings = {ATTRIBUTES = (CodeSignOnCopy, RemoveHeadersOnCopy, ); }; };
		4118D77820DCB36E0040EA4F /* PnutAPI.framework in Frameworks */ = {isa = PBXBuildFile; fileRef = 41869DEC20C2920900F98D00 /* PnutAPI.framework */; };
		4118D77920DCB3720040EA4F /* PnutAPI.framework in Frameworks */ = {isa = PBXBuildFile; fileRef = 41869DEC20C2920900F98D00 /* PnutAPI.framework */; };
		4118D77A20DCB3750040EA4F /* PnutAPI.framework in Frameworks */ = {isa = PBXBuildFile; fileRef = 41869DEC20C2920900F98D00 /* PnutAPI.framework */; };
		4118D77B20DCB38D0040EA4F /* Utils.framework in Frameworks */ = {isa = PBXBuildFile; fileRef = 411BF51520D0C2C900744E6D /* Utils.framework */; };
		4118D77C20DCB3910040EA4F /* Utils.framework in Frameworks */ = {isa = PBXBuildFile; fileRef = 411BF51520D0C2C900744E6D /* Utils.framework */; };
		4118D77D20DCB3950040EA4F /* Utils.framework in Frameworks */ = {isa = PBXBuildFile; fileRef = 411BF51520D0C2C900744E6D /* Utils.framework */; };
		411BF50120D0C0F100744E6D /* StreamViewController.h in Headers */ = {isa = PBXBuildFile; fileRef = 411BF4FF20D0C0F100744E6D /* StreamViewController.h */; settings = {ATTRIBUTES = (Public, ); }; };
		411BF50420D0C0F100744E6D /* StreamViewController.framework in Frameworks */ = {isa = PBXBuildFile; fileRef = 411BF4FD20D0C0F100744E6D /* StreamViewController.framework */; };
		411BF50520D0C0F100744E6D /* StreamViewController.framework in Embed Frameworks */ = {isa = PBXBuildFile; fileRef = 411BF4FD20D0C0F100744E6D /* StreamViewController.framework */; settings = {ATTRIBUTES = (CodeSignOnCopy, RemoveHeadersOnCopy, ); }; };
		411BF51920D0C2CA00744E6D /* Utils.h in Headers */ = {isa = PBXBuildFile; fileRef = 411BF51720D0C2CA00744E6D /* Utils.h */; settings = {ATTRIBUTES = (Public, ); }; };
		411BF51C20D0C2CA00744E6D /* Utils.framework in Frameworks */ = {isa = PBXBuildFile; fileRef = 411BF51520D0C2C900744E6D /* Utils.framework */; };
		411BF51D20D0C2CA00744E6D /* Utils.framework in Embed Frameworks */ = {isa = PBXBuildFile; fileRef = 411BF51520D0C2C900744E6D /* Utils.framework */; settings = {ATTRIBUTES = (CodeSignOnCopy, RemoveHeadersOnCopy, ); }; };
		411BF52220D0C30600744E6D /* StreamViewController.swift in Sources */ = {isa = PBXBuildFile; fileRef = 411BF50C20D0C13100744E6D /* StreamViewController.swift */; };
		411BF52320D0C8FA00744E6D /* Stream.storyboard in Resources */ = {isa = PBXBuildFile; fileRef = 411BF50A20D0C11F00744E6D /* Stream.storyboard */; };
		411BF52620D0C9C600744E6D /* StreamCellView.swift in Sources */ = {isa = PBXBuildFile; fileRef = 411BF52420D0C9B000744E6D /* StreamCellView.swift */; };
		411BF52E20D34E5A00744E6D /* Coordinator.swift in Sources */ = {isa = PBXBuildFile; fileRef = 411BF52820D3480600744E6D /* Coordinator.swift */; };
		411BF52F20D34E5A00744E6D /* AppCoordinator.swift in Sources */ = {isa = PBXBuildFile; fileRef = 411BF52C20D349E200744E6D /* AppCoordinator.swift */; };
		411BF53220D35FB000744E6D /* OnBoardingViewCoordinator.swift in Sources */ = {isa = PBXBuildFile; fileRef = 411BF53120D35FB000744E6D /* OnBoardingViewCoordinator.swift */; };
		411BF53420D35FBB00744E6D /* StreamingViewCoordinator.swift in Sources */ = {isa = PBXBuildFile; fileRef = 411BF53320D35FBB00744E6D /* StreamingViewCoordinator.swift */; };
		417A3EE220C212EC0051B74B /* APIKit.framework in Frameworks */ = {isa = PBXBuildFile; fileRef = 417A3ED720C212CE0051B74B /* APIKit.framework */; };
		417A3EE320C212EC0051B74B /* OAuthSwift.framework in Frameworks */ = {isa = PBXBuildFile; fileRef = 417A3ED920C212CF0051B74B /* OAuthSwift.framework */; };
		417A3EE420C212EC0051B74B /* Result.framework in Frameworks */ = {isa = PBXBuildFile; fileRef = 417A3ED820C212CF0051B74B /* Result.framework */; };
		41869DE620C291A500F98D00 /* PnutAPIList.swift in Sources */ = {isa = PBXBuildFile; fileRef = 41869DE520C291A500F98D00 /* PnutAPIList.swift */; };
		41869DF020C2920900F98D00 /* pnutAPI.h in Headers */ = {isa = PBXBuildFile; fileRef = 41869DEE20C2920900F98D00 /* pnutAPI.h */; settings = {ATTRIBUTES = (Public, ); }; };
		41869DF320C2920900F98D00 /* PnutAPI.framework in Frameworks */ = {isa = PBXBuildFile; fileRef = 41869DEC20C2920900F98D00 /* PnutAPI.framework */; };
		41869DF420C2920900F98D00 /* PnutAPI.framework in Embed Frameworks */ = {isa = PBXBuildFile; fileRef = 41869DEC20C2920900F98D00 /* PnutAPI.framework */; settings = {ATTRIBUTES = (CodeSignOnCopy, RemoveHeadersOnCopy, ); }; };
		41869DFA20C293D600F98D00 /* APIKit.framework in Frameworks */ = {isa = PBXBuildFile; fileRef = 417A3ED720C212CE0051B74B /* APIKit.framework */; };
		41869DFB20C293D600F98D00 /* OAuthSwift.framework in Frameworks */ = {isa = PBXBuildFile; fileRef = 417A3ED920C212CF0051B74B /* OAuthSwift.framework */; };
		41869DFC20C293D600F98D00 /* Result.framework in Frameworks */ = {isa = PBXBuildFile; fileRef = 417A3ED820C212CF0051B74B /* Result.framework */; };
		41869E0220C296FC00F98D00 /* TokenRequest.swift in Sources */ = {isa = PBXBuildFile; fileRef = 417A3EEE20C25BAF0051B74B /* TokenRequest.swift */; };
		41869E0320C2970000F98D00 /* UsersLookupRequest.swift in Sources */ = {isa = PBXBuildFile; fileRef = 41869DE320C28B6200F98D00 /* UsersLookupRequest.swift */; };
		41869E0420C2970300F98D00 /* API.swift in Sources */ = {isa = PBXBuildFile; fileRef = 417A3EEA20C258DD0051B74B /* API.swift */; };
		41869E0520C2970700F98D00 /* DecodableParser.swift in Sources */ = {isa = PBXBuildFile; fileRef = 417A3EEC20C25AE50051B74B /* DecodableParser.swift */; };
		41869E0620C2970D00F98D00 /* Meta.swift in Sources */ = {isa = PBXBuildFile; fileRef = 41869DDE20C2834D00F98D00 /* Meta.swift */; };
		41869E0720C2970D00F98D00 /* PnutResponse.swift in Sources */ = {isa = PBXBuildFile; fileRef = 41869DDC20C2827000F98D00 /* PnutResponse.swift */; };
		41869E0820C2970D00F98D00 /* TokenResponse.swift in Sources */ = {isa = PBXBuildFile; fileRef = 41869DD820C27D9F00F98D00 /* TokenResponse.swift */; };
		41869E0920C2970D00F98D00 /* UserResponse.swift in Sources */ = {isa = PBXBuildFile; fileRef = 41869DD620C27D7B00F98D00 /* UserResponse.swift */; };
		41869E0A20C2972700F98D00 /* APITokenManager.swift in Sources */ = {isa = PBXBuildFile; fileRef = 417A3EE720C2232B0051B74B /* APITokenManager.swift */; };
		41869E0C20C2ABB800F98D00 /* PostsLifecycleRequest.swift in Sources */ = {isa = PBXBuildFile; fileRef = 41869E0B20C2ABB800F98D00 /* PostsLifecycleRequest.swift */; };
		41869E0E20C2B17700F98D00 /* PostResponse.swift in Sources */ = {isa = PBXBuildFile; fileRef = 41869E0D20C2B17700F98D00 /* PostResponse.swift */; };
		41869E1020C2B27500F98D00 /* Counts.swift in Sources */ = {isa = PBXBuildFile; fileRef = 41869E0F20C2B27500F98D00 /* Counts.swift */; };
		41869E1220C2BB6400F98D00 /* PostStreamRequest.swift in Sources */ = {isa = PBXBuildFile; fileRef = 41869E1120C2BB6400F98D00 /* PostStreamRequest.swift */; };
		41869E1420C2BDBB00F98D00 /* Entities.swift in Sources */ = {isa = PBXBuildFile; fileRef = 41869E1320C2BDBB00F98D00 /* Entities.swift */; };
		41869E5D20C368AF00F98D00 /* AppDelegate.swift in Sources */ = {isa = PBXBuildFile; fileRef = 41869E5C20C368AF00F98D00 /* AppDelegate.swift */; };
		41869E6420C368B100F98D00 /* Assets.xcassets in Resources */ = {isa = PBXBuildFile; fileRef = 41869E6320C368B100F98D00 /* Assets.xcassets */; };
		41869E6720C368B100F98D00 /* LaunchScreen.storyboard in Resources */ = {isa = PBXBuildFile; fileRef = 41869E6520C368B100F98D00 /* LaunchScreen.storyboard */; };
		41A328E820E3BDD2009A2CEF /* Paginatable.swift in Sources */ = {isa = PBXBuildFile; fileRef = 41A328E720E3BDD2009A2CEF /* Paginatable.swift */; };
		41A5987420D134B20095527D /* OnBoardingViewController.framework in Frameworks */ = {isa = PBXBuildFile; fileRef = 41AE668620CFB24E009851E1 /* OnBoardingViewController.framework */; };
		41A5987520D134B20095527D /* OnBoardingViewController.framework in Embed Frameworks */ = {isa = PBXBuildFile; fileRef = 41AE668620CFB24E009851E1 /* OnBoardingViewController.framework */; settings = {ATTRIBUTES = (CodeSignOnCopy, RemoveHeadersOnCopy, ); }; };
		41A5987820D134B20095527D /* StreamViewController.framework in Frameworks */ = {isa = PBXBuildFile; fileRef = 411BF4FD20D0C0F100744E6D /* StreamViewController.framework */; };
		41A5987920D134B20095527D /* StreamViewController.framework in Embed Frameworks */ = {isa = PBXBuildFile; fileRef = 411BF4FD20D0C0F100744E6D /* StreamViewController.framework */; settings = {ATTRIBUTES = (CodeSignOnCopy, RemoveHeadersOnCopy, ); }; };
		41A5987C20D134B20095527D /* Utils.framework in Frameworks */ = {isa = PBXBuildFile; fileRef = 411BF51520D0C2C900744E6D /* Utils.framework */; };
		41A5987D20D134B20095527D /* Utils.framework in Embed Frameworks */ = {isa = PBXBuildFile; fileRef = 411BF51520D0C2C900744E6D /* Utils.framework */; settings = {ATTRIBUTES = (CodeSignOnCopy, RemoveHeadersOnCopy, ); }; };
		41AB384020E114F300C62580 /* Nuke.framework in Frameworks */ = {isa = PBXBuildFile; fileRef = 41AB383F20E114F300C62580 /* Nuke.framework */; };
		41AB384120E114F300C62580 /* Nuke.framework in Frameworks */ = {isa = PBXBuildFile; fileRef = 41AB383F20E114F300C62580 /* Nuke.framework */; };
		41AB384220E114F300C62580 /* Nuke.framework in Frameworks */ = {isa = PBXBuildFile; fileRef = 41AB383F20E114F300C62580 /* Nuke.framework */; };
		41AE668A20CFB24F009851E1 /* OnBoardingViewController.h in Headers */ = {isa = PBXBuildFile; fileRef = 41AE668820CFB24F009851E1 /* OnBoardingViewController.h */; settings = {ATTRIBUTES = (Public, ); }; };
		41AE668D20CFB24F009851E1 /* OnBoardingViewController.framework in Frameworks */ = {isa = PBXBuildFile; fileRef = 41AE668620CFB24E009851E1 /* OnBoardingViewController.framework */; };
		41AE668E20CFB24F009851E1 /* OnBoardingViewController.framework in Embed Frameworks */ = {isa = PBXBuildFile; fileRef = 41AE668620CFB24E009851E1 /* OnBoardingViewController.framework */; settings = {ATTRIBUTES = (CodeSignOnCopy, RemoveHeadersOnCopy, ); }; };
		41AE669720CFB31D009851E1 /* OnBoarding.storyboard in Resources */ = {isa = PBXBuildFile; fileRef = 41AE669520CFB2C5009851E1 /* OnBoarding.storyboard */; };
		41AE669820CFB322009851E1 /* OnBoardingViewController.swift in Sources */ = {isa = PBXBuildFile; fileRef = 41AE669320CFB2BC009851E1 /* OnBoardingViewController.swift */; };
		41C7B5E020F22BFE00D66318 /* ProfileViewController.h in Headers */ = {isa = PBXBuildFile; fileRef = 41C7B5DE20F22BFE00D66318 /* ProfileViewController.h */; settings = {ATTRIBUTES = (Public, ); }; };
		41C7B5E320F22BFE00D66318 /* ProfileViewController.framework in Frameworks */ = {isa = PBXBuildFile; fileRef = 41C7B5DC20F22BFE00D66318 /* ProfileViewController.framework */; };
		41C7B5E420F22BFE00D66318 /* ProfileViewController.framework in Embed Frameworks */ = {isa = PBXBuildFile; fileRef = 41C7B5DC20F22BFE00D66318 /* ProfileViewController.framework */; settings = {ATTRIBUTES = (CodeSignOnCopy, RemoveHeadersOnCopy, ); }; };
		41C7B5E820F22C4200D66318 /* ProfileViewController.swift in Sources */ = {isa = PBXBuildFile; fileRef = 41C7B5D220F22BBF00D66318 /* ProfileViewController.swift */; };
		41C7B5E920F22C4C00D66318 /* ProfileView.storyboard in Resources */ = {isa = PBXBuildFile; fileRef = 41C7B5D420F22BCB00D66318 /* ProfileView.storyboard */; };
		41E01EA020DDBD9F006182E6 /* StoryboardedType.swift in Sources */ = {isa = PBXBuildFile; fileRef = 411BF52A20D3496200744E6D /* StoryboardedType.swift */; };
		41E703D220EC6F5D00C94904 /* StreamViewModel.swift in Sources */ = {isa = PBXBuildFile; fileRef = 41E703D020EC6F5600C94904 /* StreamViewModel.swift */; };
		41E703D320EC730800C94904 /* APIKit.framework in Frameworks */ = {isa = PBXBuildFile; fileRef = 417A3ED720C212CE0051B74B /* APIKit.framework */; };
		41E703DB20EC773600C94904 /* MainTabCoodinator.swift in Sources */ = {isa = PBXBuildFile; fileRef = 41E703D420EC766300C94904 /* MainTabCoodinator.swift */; };
/* End PBXBuildFile section */

/* Begin PBXContainerItemProxy section */
		4103EE4C213A5CB200E46534 /* PBXContainerItemProxy */ = {
			isa = PBXContainerItemProxy;
			containerPortal = 4112D39420C1FB0C00FABEB3 /* Project object */;
			proxyType = 1;
			remoteGlobalIDString = 4103EE38213A5CB200E46534;
			remoteInfo = Secrets;
		};
		4103EE5B213A5EA700E46534 /* PBXContainerItemProxy */ = {
			isa = PBXContainerItemProxy;
			containerPortal = 4112D39420C1FB0C00FABEB3 /* Project object */;
			proxyType = 1;
			remoteGlobalIDString = 4103EE38213A5CB200E46534;
			remoteInfo = Secrets;
		};
		4116C5BD20C8060500B8433E /* PBXContainerItemProxy */ = {
			isa = PBXContainerItemProxy;
			containerPortal = 4112D39420C1FB0C00FABEB3 /* Project object */;
			proxyType = 1;
			remoteGlobalIDString = 41869DEB20C2920900F98D00;
			remoteInfo = PnutAPI;
		};
		4116C5D020C94D3500B8433E /* PBXContainerItemProxy */ = {
			isa = PBXContainerItemProxy;
			containerPortal = 4112D39420C1FB0C00FABEB3 /* Project object */;
			proxyType = 1;
			remoteGlobalIDString = 4116C5CA20C94D3500B8433E;
			remoteInfo = PostViewController;
		};
		4116C5DF20C9539100B8433E /* PBXContainerItemProxy */ = {
			isa = PBXContainerItemProxy;
			containerPortal = 4112D39420C1FB0C00FABEB3 /* Project object */;
			proxyType = 1;
			remoteGlobalIDString = 4116C5CA20C94D3500B8433E;
			remoteInfo = PostViewController;
		};
		411BF50220D0C0F100744E6D /* PBXContainerItemProxy */ = {
			isa = PBXContainerItemProxy;
			containerPortal = 4112D39420C1FB0C00FABEB3 /* Project object */;
			proxyType = 1;
			remoteGlobalIDString = 411BF4FC20D0C0F100744E6D;
			remoteInfo = StreamViewController;
		};
		411BF51A20D0C2CA00744E6D /* PBXContainerItemProxy */ = {
			isa = PBXContainerItemProxy;
			containerPortal = 4112D39420C1FB0C00FABEB3 /* Project object */;
			proxyType = 1;
			remoteGlobalIDString = 411BF51420D0C2C900744E6D;
			remoteInfo = Utils;
		};
		41869DF120C2920900F98D00 /* PBXContainerItemProxy */ = {
			isa = PBXContainerItemProxy;
			containerPortal = 4112D39420C1FB0C00FABEB3 /* Project object */;
			proxyType = 1;
			remoteGlobalIDString = 41869DEB20C2920900F98D00;
			remoteInfo = pnutAPI;
		};
		41A5987620D134B20095527D /* PBXContainerItemProxy */ = {
			isa = PBXContainerItemProxy;
			containerPortal = 4112D39420C1FB0C00FABEB3 /* Project object */;
			proxyType = 1;
			remoteGlobalIDString = 41AE668520CFB24E009851E1;
			remoteInfo = OnBoardingViewController;
		};
		41A5987A20D134B20095527D /* PBXContainerItemProxy */ = {
			isa = PBXContainerItemProxy;
			containerPortal = 4112D39420C1FB0C00FABEB3 /* Project object */;
			proxyType = 1;
			remoteGlobalIDString = 411BF4FC20D0C0F100744E6D;
			remoteInfo = StreamViewController;
		};
		41A5987E20D134B20095527D /* PBXContainerItemProxy */ = {
			isa = PBXContainerItemProxy;
			containerPortal = 4112D39420C1FB0C00FABEB3 /* Project object */;
			proxyType = 1;
			remoteGlobalIDString = 411BF51420D0C2C900744E6D;
			remoteInfo = Utils;
		};
		41AE668B20CFB24F009851E1 /* PBXContainerItemProxy */ = {
			isa = PBXContainerItemProxy;
			containerPortal = 4112D39420C1FB0C00FABEB3 /* Project object */;
			proxyType = 1;
			remoteGlobalIDString = 41AE668520CFB24E009851E1;
			remoteInfo = OnBoardingViewController;
		};
		41C7B5E120F22BFE00D66318 /* PBXContainerItemProxy */ = {
			isa = PBXContainerItemProxy;
			containerPortal = 4112D39420C1FB0C00FABEB3 /* Project object */;
			proxyType = 1;
			remoteGlobalIDString = 41C7B5DB20F22BFE00D66318;
			remoteInfo = ProfileViewController;
		};
/* End PBXContainerItemProxy section */

/* Begin PBXCopyFilesBuildPhase section */
		4116C5BF20C8060500B8433E /* Embed Frameworks */ = {
			isa = PBXCopyFilesBuildPhase;
			buildActionMask = 2147483647;
			dstPath = "";
			dstSubfolderSpec = 10;
			files = (
				4116C5C120C8070500B8433E /* APIKit.framework in Embed Frameworks */,
				4116C5BC20C8060500B8433E /* PnutAPI.framework in Embed Frameworks */,
				41A5987920D134B20095527D /* StreamViewController.framework in Embed Frameworks */,
				41C7B5E420F22BFE00D66318 /* ProfileViewController.framework in Embed Frameworks */,
				41A5987520D134B20095527D /* OnBoardingViewController.framework in Embed Frameworks */,
				41A5987D20D134B20095527D /* Utils.framework in Embed Frameworks */,
				4116C5D320C94D3500B8433E /* PostViewController.framework in Embed Frameworks */,
				4116C5C320C8070500B8433E /* OAuthSwift.framework in Embed Frameworks */,
				4116C5C520C8070500B8433E /* Result.framework in Embed Frameworks */,
				4103EE5A213A5EA700E46534 /* Secrets.framework in Embed Frameworks */,
			);
			name = "Embed Frameworks";
			runOnlyForDeploymentPostprocessing = 0;
		};
		41869DF820C2920900F98D00 /* Embed Frameworks */ = {
			isa = PBXCopyFilesBuildPhase;
			buildActionMask = 2147483647;
			dstPath = "";
			dstSubfolderSpec = 10;
			files = (
				41869DF420C2920900F98D00 /* PnutAPI.framework in Embed Frameworks */,
				411BF51D20D0C2CA00744E6D /* Utils.framework in Embed Frameworks */,
				4103EE4F213A5CB200E46534 /* Secrets.framework in Embed Frameworks */,
				411BF50520D0C0F100744E6D /* StreamViewController.framework in Embed Frameworks */,
				4116C5DE20C9539100B8433E /* PostViewController.framework in Embed Frameworks */,
				41AE668E20CFB24F009851E1 /* OnBoardingViewController.framework in Embed Frameworks */,
			);
			name = "Embed Frameworks";
			runOnlyForDeploymentPostprocessing = 0;
		};
/* End PBXCopyFilesBuildPhase section */

/* Begin PBXFileReference section */
		4103EE30213A5B0B00E46534 /* HasSecrets.swift */ = {isa = PBXFileReference; lastKnownFileType = sourcecode.swift; path = HasSecrets.swift; sourceTree = "<group>"; };
		4103EE32213A5B2600E46534 /* Secrets.swift */ = {isa = PBXFileReference; lastKnownFileType = sourcecode.swift; path = Secrets.swift; sourceTree = "<group>"; };
		4103EE39213A5CB200E46534 /* Secrets.framework */ = {isa = PBXFileReference; explicitFileType = wrapper.framework; includeInIndex = 0; path = Secrets.framework; sourceTree = BUILT_PRODUCTS_DIR; };
		4103EE3B213A5CB200E46534 /* Secrets.h */ = {isa = PBXFileReference; lastKnownFileType = sourcecode.c.h; path = Secrets.h; sourceTree = "<group>"; };
		4103EE3C213A5CB200E46534 /* Info.plist */ = {isa = PBXFileReference; lastKnownFileType = text.plist.xml; path = Info.plist; sourceTree = "<group>"; };
		4112D39C20C1FB0D00FABEB3 /* PnutAPIClient.app */ = {isa = PBXFileReference; explicitFileType = wrapper.application; includeInIndex = 0; path = PnutAPIClient.app; sourceTree = BUILT_PRODUCTS_DIR; };
		4112D39F20C1FB0D00FABEB3 /* AppDelegate.swift */ = {isa = PBXFileReference; lastKnownFileType = sourcecode.swift; path = AppDelegate.swift; sourceTree = "<group>"; };
		4112D3A120C1FB0D00FABEB3 /* ViewController.swift */ = {isa = PBXFileReference; lastKnownFileType = sourcecode.swift; path = ViewController.swift; sourceTree = "<group>"; };
		4112D3A420C1FB0D00FABEB3 /* Base */ = {isa = PBXFileReference; lastKnownFileType = file.storyboard; name = Base; path = Base.lproj/Main.storyboard; sourceTree = "<group>"; };
		4112D3A620C1FB0E00FABEB3 /* Assets.xcassets */ = {isa = PBXFileReference; lastKnownFileType = folder.assetcatalog; path = Assets.xcassets; sourceTree = "<group>"; };
		4112D3A920C1FB0E00FABEB3 /* Base */ = {isa = PBXFileReference; lastKnownFileType = file.storyboard; name = Base; path = Base.lproj/LaunchScreen.storyboard; sourceTree = "<group>"; };
		4112D3AB20C1FB0E00FABEB3 /* Info.plist */ = {isa = PBXFileReference; lastKnownFileType = text.plist.xml; path = Info.plist; sourceTree = "<group>"; };
		4116C5B820C7EA1A00B8433E /* PostViewController.swift */ = {isa = PBXFileReference; lastKnownFileType = sourcecode.swift; path = PostViewController.swift; sourceTree = "<group>"; };
		4116C5CB20C94D3500B8433E /* PostViewController.framework */ = {isa = PBXFileReference; explicitFileType = wrapper.framework; includeInIndex = 0; path = PostViewController.framework; sourceTree = BUILT_PRODUCTS_DIR; };
		4116C5CD20C94D3500B8433E /* PostViewController.h */ = {isa = PBXFileReference; lastKnownFileType = sourcecode.c.h; path = PostViewController.h; sourceTree = "<group>"; };
		4116C5CE20C94D3500B8433E /* Info.plist */ = {isa = PBXFileReference; lastKnownFileType = text.plist.xml; path = Info.plist; sourceTree = "<group>"; };
		411BF4FD20D0C0F100744E6D /* StreamViewController.framework */ = {isa = PBXFileReference; explicitFileType = wrapper.framework; includeInIndex = 0; path = StreamViewController.framework; sourceTree = BUILT_PRODUCTS_DIR; };
		411BF4FF20D0C0F100744E6D /* StreamViewController.h */ = {isa = PBXFileReference; lastKnownFileType = sourcecode.c.h; path = StreamViewController.h; sourceTree = "<group>"; };
		411BF50020D0C0F100744E6D /* Info.plist */ = {isa = PBXFileReference; lastKnownFileType = text.plist.xml; path = Info.plist; sourceTree = "<group>"; };
		411BF50A20D0C11F00744E6D /* Stream.storyboard */ = {isa = PBXFileReference; lastKnownFileType = file.storyboard; path = Stream.storyboard; sourceTree = "<group>"; };
		411BF50C20D0C13100744E6D /* StreamViewController.swift */ = {isa = PBXFileReference; lastKnownFileType = sourcecode.swift; path = StreamViewController.swift; sourceTree = "<group>"; };
		411BF51520D0C2C900744E6D /* Utils.framework */ = {isa = PBXFileReference; explicitFileType = wrapper.framework; includeInIndex = 0; path = Utils.framework; sourceTree = BUILT_PRODUCTS_DIR; };
		411BF51720D0C2CA00744E6D /* Utils.h */ = {isa = PBXFileReference; lastKnownFileType = sourcecode.c.h; path = Utils.h; sourceTree = "<group>"; };
		411BF51820D0C2CA00744E6D /* Info.plist */ = {isa = PBXFileReference; lastKnownFileType = text.plist.xml; path = Info.plist; sourceTree = "<group>"; };
		411BF52420D0C9B000744E6D /* StreamCellView.swift */ = {isa = PBXFileReference; lastKnownFileType = sourcecode.swift; path = StreamCellView.swift; sourceTree = "<group>"; };
		411BF52820D3480600744E6D /* Coordinator.swift */ = {isa = PBXFileReference; lastKnownFileType = sourcecode.swift; path = Coordinator.swift; sourceTree = "<group>"; };
		411BF52A20D3496200744E6D /* StoryboardedType.swift */ = {isa = PBXFileReference; lastKnownFileType = sourcecode.swift; path = StoryboardedType.swift; sourceTree = "<group>"; };
		411BF52C20D349E200744E6D /* AppCoordinator.swift */ = {isa = PBXFileReference; lastKnownFileType = sourcecode.swift; path = AppCoordinator.swift; sourceTree = "<group>"; };
		411BF53120D35FB000744E6D /* OnBoardingViewCoordinator.swift */ = {isa = PBXFileReference; lastKnownFileType = sourcecode.swift; path = OnBoardingViewCoordinator.swift; sourceTree = "<group>"; };
		411BF53320D35FBB00744E6D /* StreamingViewCoordinator.swift */ = {isa = PBXFileReference; lastKnownFileType = sourcecode.swift; path = StreamingViewCoordinator.swift; sourceTree = "<group>"; };
		417A3ED720C212CE0051B74B /* APIKit.framework */ = {isa = PBXFileReference; lastKnownFileType = wrapper.framework; name = APIKit.framework; path = Carthage/Build/iOS/APIKit.framework; sourceTree = "<group>"; };
		417A3ED820C212CF0051B74B /* Result.framework */ = {isa = PBXFileReference; lastKnownFileType = wrapper.framework; name = Result.framework; path = Carthage/Build/iOS/Result.framework; sourceTree = "<group>"; };
		417A3ED920C212CF0051B74B /* OAuthSwift.framework */ = {isa = PBXFileReference; lastKnownFileType = wrapper.framework; name = OAuthSwift.framework; path = Carthage/Build/iOS/OAuthSwift.framework; sourceTree = "<group>"; };
		417A3EE720C2232B0051B74B /* APITokenManager.swift */ = {isa = PBXFileReference; lastKnownFileType = sourcecode.swift; path = APITokenManager.swift; sourceTree = "<group>"; };
		417A3EEA20C258DD0051B74B /* API.swift */ = {isa = PBXFileReference; lastKnownFileType = sourcecode.swift; path = API.swift; sourceTree = "<group>"; };
		417A3EEC20C25AE50051B74B /* DecodableParser.swift */ = {isa = PBXFileReference; lastKnownFileType = sourcecode.swift; path = DecodableParser.swift; sourceTree = "<group>"; };
		417A3EEE20C25BAF0051B74B /* TokenRequest.swift */ = {isa = PBXFileReference; lastKnownFileType = sourcecode.swift; path = TokenRequest.swift; sourceTree = "<group>"; };
		41869DD620C27D7B00F98D00 /* UserResponse.swift */ = {isa = PBXFileReference; lastKnownFileType = sourcecode.swift; path = UserResponse.swift; sourceTree = "<group>"; };
		41869DD820C27D9F00F98D00 /* TokenResponse.swift */ = {isa = PBXFileReference; lastKnownFileType = sourcecode.swift; path = TokenResponse.swift; sourceTree = "<group>"; };
		41869DDC20C2827000F98D00 /* PnutResponse.swift */ = {isa = PBXFileReference; lastKnownFileType = sourcecode.swift; path = PnutResponse.swift; sourceTree = "<group>"; };
		41869DDE20C2834D00F98D00 /* Meta.swift */ = {isa = PBXFileReference; lastKnownFileType = sourcecode.swift; path = Meta.swift; sourceTree = "<group>"; };
		41869DE320C28B6200F98D00 /* UsersLookupRequest.swift */ = {isa = PBXFileReference; lastKnownFileType = sourcecode.swift; path = UsersLookupRequest.swift; sourceTree = "<group>"; };
		41869DE520C291A500F98D00 /* PnutAPIList.swift */ = {isa = PBXFileReference; lastKnownFileType = sourcecode.swift; path = PnutAPIList.swift; sourceTree = "<group>"; };
		41869DEC20C2920900F98D00 /* PnutAPI.framework */ = {isa = PBXFileReference; explicitFileType = wrapper.framework; includeInIndex = 0; path = PnutAPI.framework; sourceTree = BUILT_PRODUCTS_DIR; };
		41869DEE20C2920900F98D00 /* pnutAPI.h */ = {isa = PBXFileReference; lastKnownFileType = sourcecode.c.h; path = pnutAPI.h; sourceTree = "<group>"; };
		41869DEF20C2920900F98D00 /* Info.plist */ = {isa = PBXFileReference; lastKnownFileType = text.plist.xml; path = Info.plist; sourceTree = "<group>"; };
		41869E0B20C2ABB800F98D00 /* PostsLifecycleRequest.swift */ = {isa = PBXFileReference; lastKnownFileType = sourcecode.swift; path = PostsLifecycleRequest.swift; sourceTree = "<group>"; };
		41869E0D20C2B17700F98D00 /* PostResponse.swift */ = {isa = PBXFileReference; lastKnownFileType = sourcecode.swift; path = PostResponse.swift; sourceTree = "<group>"; };
		41869E0F20C2B27500F98D00 /* Counts.swift */ = {isa = PBXFileReference; lastKnownFileType = sourcecode.swift; path = Counts.swift; sourceTree = "<group>"; };
		41869E1120C2BB6400F98D00 /* PostStreamRequest.swift */ = {isa = PBXFileReference; lastKnownFileType = sourcecode.swift; path = PostStreamRequest.swift; sourceTree = "<group>"; };
		41869E1320C2BDBB00F98D00 /* Entities.swift */ = {isa = PBXFileReference; lastKnownFileType = sourcecode.swift; path = Entities.swift; sourceTree = "<group>"; };
		41869E5A20C368AF00F98D00 /* Walnut.app */ = {isa = PBXFileReference; explicitFileType = wrapper.application; includeInIndex = 0; path = Walnut.app; sourceTree = BUILT_PRODUCTS_DIR; };
		41869E5C20C368AF00F98D00 /* AppDelegate.swift */ = {isa = PBXFileReference; lastKnownFileType = sourcecode.swift; path = AppDelegate.swift; sourceTree = "<group>"; };
		41869E6320C368B100F98D00 /* Assets.xcassets */ = {isa = PBXFileReference; lastKnownFileType = folder.assetcatalog; path = Assets.xcassets; sourceTree = "<group>"; };
		41869E6620C368B100F98D00 /* Base */ = {isa = PBXFileReference; lastKnownFileType = file.storyboard; name = Base; path = Base.lproj/LaunchScreen.storyboard; sourceTree = "<group>"; };
		41869E6820C368B100F98D00 /* Info.plist */ = {isa = PBXFileReference; lastKnownFileType = text.plist.xml; path = Info.plist; sourceTree = "<group>"; };
		41869E7120C3867A00F98D00 /* Post.storyboard */ = {isa = PBXFileReference; lastKnownFileType = file.storyboard; path = Post.storyboard; sourceTree = "<group>"; };
		41A328E720E3BDD2009A2CEF /* Paginatable.swift */ = {isa = PBXFileReference; lastKnownFileType = sourcecode.swift; path = Paginatable.swift; sourceTree = "<group>"; };
		41AB383F20E114F300C62580 /* Nuke.framework */ = {isa = PBXFileReference; lastKnownFileType = wrapper.framework; name = Nuke.framework; path = Carthage/Build/iOS/Nuke.framework; sourceTree = "<group>"; };
		41AE668620CFB24E009851E1 /* OnBoardingViewController.framework */ = {isa = PBXFileReference; explicitFileType = wrapper.framework; includeInIndex = 0; path = OnBoardingViewController.framework; sourceTree = BUILT_PRODUCTS_DIR; };
		41AE668820CFB24F009851E1 /* OnBoardingViewController.h */ = {isa = PBXFileReference; lastKnownFileType = sourcecode.c.h; path = OnBoardingViewController.h; sourceTree = "<group>"; };
		41AE668920CFB24F009851E1 /* Info.plist */ = {isa = PBXFileReference; lastKnownFileType = text.plist.xml; path = Info.plist; sourceTree = "<group>"; };
		41AE669320CFB2BC009851E1 /* OnBoardingViewController.swift */ = {isa = PBXFileReference; lastKnownFileType = sourcecode.swift; path = OnBoardingViewController.swift; sourceTree = "<group>"; };
		41AE669520CFB2C5009851E1 /* OnBoarding.storyboard */ = {isa = PBXFileReference; lastKnownFileType = file.storyboard; path = OnBoarding.storyboard; sourceTree = "<group>"; };
		41C7B5D220F22BBF00D66318 /* ProfileViewController.swift */ = {isa = PBXFileReference; lastKnownFileType = sourcecode.swift; path = ProfileViewController.swift; sourceTree = "<group>"; };
		41C7B5D420F22BCB00D66318 /* ProfileView.storyboard */ = {isa = PBXFileReference; lastKnownFileType = file.storyboard; path = ProfileView.storyboard; sourceTree = "<group>"; };
		41C7B5DC20F22BFE00D66318 /* ProfileViewController.framework */ = {isa = PBXFileReference; explicitFileType = wrapper.framework; includeInIndex = 0; path = ProfileViewController.framework; sourceTree = BUILT_PRODUCTS_DIR; };
		41C7B5DE20F22BFE00D66318 /* ProfileViewController.h */ = {isa = PBXFileReference; lastKnownFileType = sourcecode.c.h; path = ProfileViewController.h; sourceTree = "<group>"; };
		41C7B5DF20F22BFE00D66318 /* Info.plist */ = {isa = PBXFileReference; lastKnownFileType = text.plist.xml; path = Info.plist; sourceTree = "<group>"; };
		41E703D020EC6F5600C94904 /* StreamViewModel.swift */ = {isa = PBXFileReference; lastKnownFileType = sourcecode.swift; path = StreamViewModel.swift; sourceTree = "<group>"; };
		41E703D420EC766300C94904 /* MainTabCoodinator.swift */ = {isa = PBXFileReference; lastKnownFileType = sourcecode.swift; path = MainTabCoodinator.swift; sourceTree = "<group>"; };
/* End PBXFileReference section */

/* Begin PBXFrameworksBuildPhase section */
		4103EE35213A5CB200E46534 /* Frameworks */ = {
			isa = PBXFrameworksBuildPhase;
			buildActionMask = 2147483647;
			files = (
			);
			runOnlyForDeploymentPostprocessing = 0;
		};
		4112D39920C1FB0C00FABEB3 /* Frameworks */ = {
			isa = PBXFrameworksBuildPhase;
			buildActionMask = 2147483647;
			files = (
				41AB384020E114F300C62580 /* Nuke.framework in Frameworks */,
				417A3EE220C212EC0051B74B /* APIKit.framework in Frameworks */,
				417A3EE320C212EC0051B74B /* OAuthSwift.framework in Frameworks */,
				411BF50420D0C0F100744E6D /* StreamViewController.framework in Frameworks */,
				41AE668D20CFB24F009851E1 /* OnBoardingViewController.framework in Frameworks */,
				411BF51C20D0C2CA00744E6D /* Utils.framework in Frameworks */,
				4116C5DD20C9539100B8433E /* PostViewController.framework in Frameworks */,
				41869DF320C2920900F98D00 /* PnutAPI.framework in Frameworks */,
				4103EE4E213A5CB200E46534 /* Secrets.framework in Frameworks */,
				417A3EE420C212EC0051B74B /* Result.framework in Frameworks */,
			);
			runOnlyForDeploymentPostprocessing = 0;
		};
		4116C5C720C94D3500B8433E /* Frameworks */ = {
			isa = PBXFrameworksBuildPhase;
			buildActionMask = 2147483647;
			files = (
				4118D77C20DCB3910040EA4F /* Utils.framework in Frameworks */,
				4118D77820DCB36E0040EA4F /* PnutAPI.framework in Frameworks */,
			);
			runOnlyForDeploymentPostprocessing = 0;
		};
		411BF4F920D0C0F100744E6D /* Frameworks */ = {
			isa = PBXFrameworksBuildPhase;
			buildActionMask = 2147483647;
			files = (
				41AB384220E114F300C62580 /* Nuke.framework in Frameworks */,
				4118D77D20DCB3950040EA4F /* Utils.framework in Frameworks */,
				41E703D320EC730800C94904 /* APIKit.framework in Frameworks */,
				4118D77A20DCB3750040EA4F /* PnutAPI.framework in Frameworks */,
			);
			runOnlyForDeploymentPostprocessing = 0;
		};
		411BF51120D0C2C900744E6D /* Frameworks */ = {
			isa = PBXFrameworksBuildPhase;
			buildActionMask = 2147483647;
			files = (
			);
			runOnlyForDeploymentPostprocessing = 0;
		};
		41869DE820C2920900F98D00 /* Frameworks */ = {
			isa = PBXFrameworksBuildPhase;
			buildActionMask = 2147483647;
			files = (
				41869DFA20C293D600F98D00 /* APIKit.framework in Frameworks */,
				41869DFB20C293D600F98D00 /* OAuthSwift.framework in Frameworks */,
				41869DFC20C293D600F98D00 /* Result.framework in Frameworks */,
			);
			runOnlyForDeploymentPostprocessing = 0;
		};
		41869E5720C368AF00F98D00 /* Frameworks */ = {
			isa = PBXFrameworksBuildPhase;
			buildActionMask = 2147483647;
			files = (
				41AB384120E114F300C62580 /* Nuke.framework in Frameworks */,
				4116C5C020C8070500B8433E /* APIKit.framework in Frameworks */,
				4116C5BB20C8060500B8433E /* PnutAPI.framework in Frameworks */,
				41A5987820D134B20095527D /* StreamViewController.framework in Frameworks */,
				41A5987420D134B20095527D /* OnBoardingViewController.framework in Frameworks */,
				41A5987C20D134B20095527D /* Utils.framework in Frameworks */,
				4116C5D220C94D3500B8433E /* PostViewController.framework in Frameworks */,
				4116C5C220C8070500B8433E /* OAuthSwift.framework in Frameworks */,
				4103EE59213A5EA700E46534 /* Secrets.framework in Frameworks */,
				4116C5C420C8070500B8433E /* Result.framework in Frameworks */,
				41C7B5E320F22BFE00D66318 /* ProfileViewController.framework in Frameworks */,
			);
			runOnlyForDeploymentPostprocessing = 0;
		};
		41AE668220CFB24E009851E1 /* Frameworks */ = {
			isa = PBXFrameworksBuildPhase;
			buildActionMask = 2147483647;
			files = (
				4118D77B20DCB38D0040EA4F /* Utils.framework in Frameworks */,
				4118D77920DCB3720040EA4F /* PnutAPI.framework in Frameworks */,
			);
			runOnlyForDeploymentPostprocessing = 0;
		};
		41C7B5D820F22BFE00D66318 /* Frameworks */ = {
			isa = PBXFrameworksBuildPhase;
			buildActionMask = 2147483647;
			files = (
			);
			runOnlyForDeploymentPostprocessing = 0;
		};
/* End PBXFrameworksBuildPhase section */

/* Begin PBXGroup section */
		4103EE3A213A5CB200E46534 /* Secrets */ = {
			isa = PBXGroup;
			children = (
				4103EE3B213A5CB200E46534 /* Secrets.h */,
				4103EE3C213A5CB200E46534 /* Info.plist */,
			);
			path = Secrets;
			sourceTree = "<group>";
		};
		4103EE58213A5CF200E46534 /* Secrets */ = {
			isa = PBXGroup;
			children = (
				4103EE30213A5B0B00E46534 /* HasSecrets.swift */,
				4103EE32213A5B2600E46534 /* Secrets.swift */,
			);
			path = Secrets;
			sourceTree = "<group>";
		};
		4112D39320C1FB0C00FABEB3 = {
			isa = PBXGroup;
			children = (
				417A3EE120C212EC0051B74B /* Frameworks */,
				4112D39D20C1FB0D00FABEB3 /* Products */,
				4118D77E20DCB6C90040EA4F /* Sources */,
				41869DE120C287CA00F98D00 /* Supporting Files */,
			);
			sourceTree = "<group>";
		};
		4112D39D20C1FB0D00FABEB3 /* Products */ = {
			isa = PBXGroup;
			children = (
				4112D39C20C1FB0D00FABEB3 /* PnutAPIClient.app */,
				41869DEC20C2920900F98D00 /* PnutAPI.framework */,
				41869E5A20C368AF00F98D00 /* Walnut.app */,
				4116C5CB20C94D3500B8433E /* PostViewController.framework */,
				41AE668620CFB24E009851E1 /* OnBoardingViewController.framework */,
				411BF4FD20D0C0F100744E6D /* StreamViewController.framework */,
				411BF51520D0C2C900744E6D /* Utils.framework */,
				4103EE39213A5CB200E46534 /* Secrets.framework */,
				41C7B5DC20F22BFE00D66318 /* ProfileViewController.framework */,
			);
			name = Products;
			sourceTree = "<group>";
		};
		4112D39E20C1FB0D00FABEB3 /* PnutAPIClient */ = {
			isa = PBXGroup;
			children = (
				41869DE220C28B1200F98D00 /* Storyboard */,
				4112D39F20C1FB0D00FABEB3 /* AppDelegate.swift */,
				41869DE520C291A500F98D00 /* PnutAPIList.swift */,
				4112D3A120C1FB0D00FABEB3 /* ViewController.swift */,
			);
			path = PnutAPIClient;
			sourceTree = "<group>";
		};
		4116C5CC20C94D3500B8433E /* PostViewController */ = {
			isa = PBXGroup;
			children = (
				41869E7120C3867A00F98D00 /* Post.storyboard */,
				4116C5B820C7EA1A00B8433E /* PostViewController.swift */,
			);
			path = PostViewController;
			sourceTree = "<group>";
		};
		4116C5D720C94D4C00B8433E /* PostViewController */ = {
			isa = PBXGroup;
			children = (
				4116C5CE20C94D3500B8433E /* Info.plist */,
				4116C5CD20C94D3500B8433E /* PostViewController.h */,
			);
			path = PostViewController;
			sourceTree = "<group>";
		};
		4116C5DA20C94DC800B8433E /* Components */ = {
			isa = PBXGroup;
			children = (
				41AE669220CFB267009851E1 /* OnboardingViewController */,
				4116C5CC20C94D3500B8433E /* PostViewController */,
				41C7B5D620F22BD100D66318 /* ProfileViewController */,
				411BF50920D0C10B00744E6D /* StreamViewController */,
			);
			path = Components;
			sourceTree = "<group>";
		};
		4118D77E20DCB6C90040EA4F /* Sources */ = {
			isa = PBXGroup;
			children = (
				4116C5DA20C94DC800B8433E /* Components */,
				411BF52720D3470600744E6D /* Coordinators */,
				41869E0120C296D100F98D00 /* PnutAPI */,
				4112D39E20C1FB0D00FABEB3 /* PnutAPIClient */,
				4103EE58213A5CF200E46534 /* Secrets */,
				41E01EA120DDBDAE006182E6 /* Utils */,
				41869E5B20C368AF00F98D00 /* Walnut */,
			);
			path = Sources;
			sourceTree = "<group>";
		};
		411BF4FE20D0C0F100744E6D /* StreamViewController */ = {
			isa = PBXGroup;
			children = (
				411BF50020D0C0F100744E6D /* Info.plist */,
				411BF4FF20D0C0F100744E6D /* StreamViewController.h */,
			);
			path = StreamViewController;
			sourceTree = "<group>";
		};
		411BF50920D0C10B00744E6D /* StreamViewController */ = {
			isa = PBXGroup;
			children = (
				411BF50A20D0C11F00744E6D /* Stream.storyboard */,
				411BF52420D0C9B000744E6D /* StreamCellView.swift */,
				411BF50C20D0C13100744E6D /* StreamViewController.swift */,
				41E703D020EC6F5600C94904 /* StreamViewModel.swift */,
			);
			path = StreamViewController;
			sourceTree = "<group>";
		};
		411BF51620D0C2CA00744E6D /* Utils */ = {
			isa = PBXGroup;
			children = (
				411BF51820D0C2CA00744E6D /* Info.plist */,
				411BF51720D0C2CA00744E6D /* Utils.h */,
			);
			path = Utils;
			sourceTree = "<group>";
		};
		411BF52720D3470600744E6D /* Coordinators */ = {
			isa = PBXGroup;
			children = (
				411BF52C20D349E200744E6D /* AppCoordinator.swift */,
				411BF52820D3480600744E6D /* Coordinator.swift */,
				41E703D420EC766300C94904 /* MainTabCoodinator.swift */,
				411BF53120D35FB000744E6D /* OnBoardingViewCoordinator.swift */,
				411BF53320D35FBB00744E6D /* StreamingViewCoordinator.swift */,
			);
			path = Coordinators;
			sourceTree = "<group>";
		};
		417A3EE120C212EC0051B74B /* Frameworks */ = {
			isa = PBXGroup;
			children = (
				41AB383F20E114F300C62580 /* Nuke.framework */,
				417A3ED720C212CE0051B74B /* APIKit.framework */,
				417A3ED920C212CF0051B74B /* OAuthSwift.framework */,
				417A3ED820C212CF0051B74B /* Result.framework */,
			);
			name = Frameworks;
			sourceTree = "<group>";
		};
		417A3EE620C2231E0051B74B /* Manager */ = {
			isa = PBXGroup;
			children = (
				417A3EE720C2232B0051B74B /* APITokenManager.swift */,
			);
			path = Manager;
			sourceTree = "<group>";
		};
		417A3EE920C258CA0051B74B /* API */ = {
			isa = PBXGroup;
			children = (
				41869DE020C284C300F98D00 /* Request */,
				41869DD520C27D6F00F98D00 /* Response */,
				417A3EEA20C258DD0051B74B /* API.swift */,
				417A3EEC20C25AE50051B74B /* DecodableParser.swift */,
			);
			path = API;
			sourceTree = "<group>";
		};
		41869DD520C27D6F00F98D00 /* Response */ = {
			isa = PBXGroup;
			children = (
				41869E0F20C2B27500F98D00 /* Counts.swift */,
				41869E1320C2BDBB00F98D00 /* Entities.swift */,
				41869DDE20C2834D00F98D00 /* Meta.swift */,
				41869DDC20C2827000F98D00 /* PnutResponse.swift */,
				41869E0D20C2B17700F98D00 /* PostResponse.swift */,
				41869DD820C27D9F00F98D00 /* TokenResponse.swift */,
				41869DD620C27D7B00F98D00 /* UserResponse.swift */,
			);
			path = Response;
			sourceTree = "<group>";
		};
		41869DE020C284C300F98D00 /* Request */ = {
			isa = PBXGroup;
			children = (
				41A328E720E3BDD2009A2CEF /* Paginatable.swift */,
				41869E1120C2BB6400F98D00 /* PostStreamRequest.swift */,
				41869E0B20C2ABB800F98D00 /* PostsLifecycleRequest.swift */,
				417A3EEE20C25BAF0051B74B /* TokenRequest.swift */,
				41869DE320C28B6200F98D00 /* UsersLookupRequest.swift */,
			);
			path = Request;
			sourceTree = "<group>";
		};
		41869DE120C287CA00F98D00 /* Supporting Files */ = {
			isa = PBXGroup;
			children = (
				41AE668720CFB24F009851E1 /* OnBoardingViewController */,
				41869DED20C2920900F98D00 /* PnutAPI */,
				41869DF920C293A700F98D00 /* PnutAPIClient */,
				4116C5D720C94D4C00B8433E /* PostViewController */,
				41C7B5DD20F22BFE00D66318 /* ProfileViewController */,
				411BF4FE20D0C0F100744E6D /* StreamViewController */,
				4103EE3A213A5CB200E46534 /* Secrets */,
				411BF51620D0C2CA00744E6D /* Utils */,
				41869E6C20C368B900F98D00 /* Walnut */,
			);
			path = "Supporting Files";
			sourceTree = "<group>";
		};
		41869DE220C28B1200F98D00 /* Storyboard */ = {
			isa = PBXGroup;
			children = (
				4112D3A820C1FB0E00FABEB3 /* LaunchScreen.storyboard */,
				4112D3A320C1FB0D00FABEB3 /* Main.storyboard */,
			);
			path = Storyboard;
			sourceTree = "<group>";
		};
		41869DED20C2920900F98D00 /* PnutAPI */ = {
			isa = PBXGroup;
			children = (
				41869DEF20C2920900F98D00 /* Info.plist */,
				41869DEE20C2920900F98D00 /* pnutAPI.h */,
			);
			path = PnutAPI;
			sourceTree = "<group>";
		};
		41869DF920C293A700F98D00 /* PnutAPIClient */ = {
			isa = PBXGroup;
			children = (
				4112D3A620C1FB0E00FABEB3 /* Assets.xcassets */,
				4112D3AB20C1FB0E00FABEB3 /* Info.plist */,
			);
			path = PnutAPIClient;
			sourceTree = "<group>";
		};
		41869E0120C296D100F98D00 /* PnutAPI */ = {
			isa = PBXGroup;
			children = (
				417A3EE920C258CA0051B74B /* API */,
				417A3EE620C2231E0051B74B /* Manager */,
			);
			path = PnutAPI;
			sourceTree = "<group>";
		};
		41869E5B20C368AF00F98D00 /* Walnut */ = {
			isa = PBXGroup;
			children = (
				41869E6D20C368CB00F98D00 /* Storyboard */,
				41869E5C20C368AF00F98D00 /* AppDelegate.swift */,
			);
			path = Walnut;
			sourceTree = "<group>";
		};
		41869E6C20C368B900F98D00 /* Walnut */ = {
			isa = PBXGroup;
			children = (
				41869E6320C368B100F98D00 /* Assets.xcassets */,
				41869E6820C368B100F98D00 /* Info.plist */,
			);
			path = Walnut;
			sourceTree = "<group>";
		};
		41869E6D20C368CB00F98D00 /* Storyboard */ = {
			isa = PBXGroup;
			children = (
				41869E6520C368B100F98D00 /* LaunchScreen.storyboard */,
			);
			path = Storyboard;
			sourceTree = "<group>";
		};
		41AE668720CFB24F009851E1 /* OnBoardingViewController */ = {
			isa = PBXGroup;
			children = (
				41AE668920CFB24F009851E1 /* Info.plist */,
				41AE668820CFB24F009851E1 /* OnBoardingViewController.h */,
			);
			path = OnBoardingViewController;
			sourceTree = "<group>";
		};
		41AE669220CFB267009851E1 /* OnboardingViewController */ = {
			isa = PBXGroup;
			children = (
				41AE669520CFB2C5009851E1 /* OnBoarding.storyboard */,
				41AE669320CFB2BC009851E1 /* OnBoardingViewController.swift */,
			);
			path = OnboardingViewController;
			sourceTree = "<group>";
		};
		41C7B5D620F22BD100D66318 /* ProfileViewController */ = {
			isa = PBXGroup;
			children = (
				41C7B5D420F22BCB00D66318 /* ProfileView.storyboard */,
				41C7B5D220F22BBF00D66318 /* ProfileViewController.swift */,
			);
			name = ProfileViewController;
			path = ProfileViewController;
			sourceTree = "<group>";
		};
		41C7B5DD20F22BFE00D66318 /* ProfileViewController */ = {
			isa = PBXGroup;
			children = (
				41C7B5DF20F22BFE00D66318 /* Info.plist */,
				41C7B5DE20F22BFE00D66318 /* ProfileViewController.h */,
			);
			path = ProfileViewController;
			sourceTree = "<group>";
		};
		41E01EA120DDBDAE006182E6 /* Utils */ = {
			isa = PBXGroup;
			children = (
				411BF52A20D3496200744E6D /* StoryboardedType.swift */,
			);
			path = Utils;
			sourceTree = "<group>";
		};
/* End PBXGroup section */

/* Begin PBXHeadersBuildPhase section */
		4103EE36213A5CB200E46534 /* Headers */ = {
			isa = PBXHeadersBuildPhase;
			buildActionMask = 2147483647;
			files = (
				4103EE4B213A5CB200E46534 /* Secrets.h in Headers */,
			);
			runOnlyForDeploymentPostprocessing = 0;
		};
		4116C5C820C94D3500B8433E /* Headers */ = {
			isa = PBXHeadersBuildPhase;
			buildActionMask = 2147483647;
			files = (
				4116C5CF20C94D3500B8433E /* PostViewController.h in Headers */,
			);
			runOnlyForDeploymentPostprocessing = 0;
		};
		411BF4FA20D0C0F100744E6D /* Headers */ = {
			isa = PBXHeadersBuildPhase;
			buildActionMask = 2147483647;
			files = (
				411BF50120D0C0F100744E6D /* StreamViewController.h in Headers */,
			);
			runOnlyForDeploymentPostprocessing = 0;
		};
		411BF51220D0C2C900744E6D /* Headers */ = {
			isa = PBXHeadersBuildPhase;
			buildActionMask = 2147483647;
			files = (
				411BF51920D0C2CA00744E6D /* Utils.h in Headers */,
			);
			runOnlyForDeploymentPostprocessing = 0;
		};
		41869DE920C2920900F98D00 /* Headers */ = {
			isa = PBXHeadersBuildPhase;
			buildActionMask = 2147483647;
			files = (
				41869DF020C2920900F98D00 /* pnutAPI.h in Headers */,
			);
			runOnlyForDeploymentPostprocessing = 0;
		};
		41AE668320CFB24E009851E1 /* Headers */ = {
			isa = PBXHeadersBuildPhase;
			buildActionMask = 2147483647;
			files = (
				41AE668A20CFB24F009851E1 /* OnBoardingViewController.h in Headers */,
			);
			runOnlyForDeploymentPostprocessing = 0;
		};
		41C7B5D920F22BFE00D66318 /* Headers */ = {
			isa = PBXHeadersBuildPhase;
			buildActionMask = 2147483647;
			files = (
				41C7B5E020F22BFE00D66318 /* ProfileViewController.h in Headers */,
			);
			runOnlyForDeploymentPostprocessing = 0;
		};
/* End PBXHeadersBuildPhase section */

/* Begin PBXNativeTarget section */
		4103EE38213A5CB200E46534 /* Secrets */ = {
			isa = PBXNativeTarget;
			buildConfigurationList = 4103EE50213A5CB200E46534 /* Build configuration list for PBXNativeTarget "Secrets" */;
			buildPhases = (
				4103EE34213A5CB200E46534 /* Sources */,
				4103EE35213A5CB200E46534 /* Frameworks */,
				4103EE36213A5CB200E46534 /* Headers */,
				4103EE37213A5CB200E46534 /* Resources */,
			);
			buildRules = (
			);
			dependencies = (
			);
			name = Secrets;
			productName = Secrets;
			productReference = 4103EE39213A5CB200E46534 /* Secrets.framework */;
			productType = "com.apple.product-type.framework";
		};
		4112D39B20C1FB0C00FABEB3 /* PnutAPIClient */ = {
			isa = PBXNativeTarget;
			buildConfigurationList = 4112D3AE20C1FB0E00FABEB3 /* Build configuration list for PBXNativeTarget "PnutAPIClient" */;
			buildPhases = (
				417A3EE520C217AA0051B74B /* ShellScript */,
				4112D39820C1FB0C00FABEB3 /* Sources */,
				4112D39920C1FB0C00FABEB3 /* Frameworks */,
				4112D39A20C1FB0C00FABEB3 /* Resources */,
				417A3ED620C212510051B74B /* ShellScript */,
				41869DF820C2920900F98D00 /* Embed Frameworks */,
			);
			buildRules = (
			);
			dependencies = (
				41869DF220C2920900F98D00 /* PBXTargetDependency */,
				4116C5E020C9539100B8433E /* PBXTargetDependency */,
				41AE668C20CFB24F009851E1 /* PBXTargetDependency */,
				411BF50320D0C0F100744E6D /* PBXTargetDependency */,
				411BF51B20D0C2CA00744E6D /* PBXTargetDependency */,
				4103EE4D213A5CB200E46534 /* PBXTargetDependency */,
			);
			name = PnutAPIClient;
			productName = pnutAPI;
			productReference = 4112D39C20C1FB0D00FABEB3 /* PnutAPIClient.app */;
			productType = "com.apple.product-type.application";
		};
		4116C5CA20C94D3500B8433E /* PostViewController */ = {
			isa = PBXNativeTarget;
			buildConfigurationList = 4116C5D620C94D3500B8433E /* Build configuration list for PBXNativeTarget "PostViewController" */;
			buildPhases = (
				4116C5DB20C951D900B8433E /* ShellScript */,
				4116C5C620C94D3500B8433E /* Sources */,
				4116C5C720C94D3500B8433E /* Frameworks */,
				4116C5C820C94D3500B8433E /* Headers */,
				4116C5C920C94D3500B8433E /* Resources */,
			);
			buildRules = (
			);
			dependencies = (
			);
			name = PostViewController;
			productName = PostViewController;
			productReference = 4116C5CB20C94D3500B8433E /* PostViewController.framework */;
			productType = "com.apple.product-type.framework";
		};
		411BF4FC20D0C0F100744E6D /* StreamViewController */ = {
			isa = PBXNativeTarget;
			buildConfigurationList = 411BF50820D0C0F100744E6D /* Build configuration list for PBXNativeTarget "StreamViewController" */;
			buildPhases = (
				411BF4F820D0C0F100744E6D /* Sources */,
				411BF4F920D0C0F100744E6D /* Frameworks */,
				411BF4FA20D0C0F100744E6D /* Headers */,
				411BF4FB20D0C0F100744E6D /* Resources */,
			);
			buildRules = (
			);
			dependencies = (
			);
			name = StreamViewController;
			productName = StreamViewController;
			productReference = 411BF4FD20D0C0F100744E6D /* StreamViewController.framework */;
			productType = "com.apple.product-type.framework";
		};
		411BF51420D0C2C900744E6D /* Utils */ = {
			isa = PBXNativeTarget;
			buildConfigurationList = 411BF51E20D0C2CA00744E6D /* Build configuration list for PBXNativeTarget "Utils" */;
			buildPhases = (
				411BF51020D0C2C900744E6D /* Sources */,
				411BF51120D0C2C900744E6D /* Frameworks */,
				411BF51220D0C2C900744E6D /* Headers */,
				411BF51320D0C2C900744E6D /* Resources */,
			);
			buildRules = (
			);
			dependencies = (
			);
			name = Utils;
			productName = Utils;
			productReference = 411BF51520D0C2C900744E6D /* Utils.framework */;
			productType = "com.apple.product-type.framework";
		};
		41869DEB20C2920900F98D00 /* PnutAPI */ = {
			isa = PBXNativeTarget;
			buildConfigurationList = 41869DF520C2920900F98D00 /* Build configuration list for PBXNativeTarget "PnutAPI" */;
			buildPhases = (
				4116C5DC20C951FA00B8433E /* ShellScript */,
				41869DE720C2920900F98D00 /* Sources */,
				41869DE820C2920900F98D00 /* Frameworks */,
				41869DE920C2920900F98D00 /* Headers */,
				41869DEA20C2920900F98D00 /* Resources */,
				41869DFE20C2941F00F98D00 /* ShellScript */,
			);
			buildRules = (
			);
			dependencies = (
			);
			name = PnutAPI;
			productName = pnutAPI;
			productReference = 41869DEC20C2920900F98D00 /* PnutAPI.framework */;
			productType = "com.apple.product-type.framework";
		};
		41869E5920C368AF00F98D00 /* Walnut */ = {
			isa = PBXNativeTarget;
			buildConfigurationList = 41869E6B20C368B100F98D00 /* Build configuration list for PBXNativeTarget "Walnut" */;
			buildPhases = (
				41869E7020C369D600F98D00 /* ShellScript */,
				41869E5620C368AF00F98D00 /* Sources */,
				41869E5720C368AF00F98D00 /* Frameworks */,
				41869E5820C368AF00F98D00 /* Resources */,
				41AB384320E115E000C62580 /* Run Script */,
				4116C5BF20C8060500B8433E /* Embed Frameworks */,
			);
			buildRules = (
			);
			dependencies = (
				4116C5BE20C8060500B8433E /* PBXTargetDependency */,
				4116C5D120C94D3500B8433E /* PBXTargetDependency */,
				41A5987720D134B20095527D /* PBXTargetDependency */,
				41A5987B20D134B20095527D /* PBXTargetDependency */,
				41A5987F20D134B20095527D /* PBXTargetDependency */,
				4103EE5C213A5EA700E46534 /* PBXTargetDependency */,
				41C7B5E220F22BFE00D66318 /* PBXTargetDependency */,
			);
			name = Walnut;
			productName = Walnut;
			productReference = 41869E5A20C368AF00F98D00 /* Walnut.app */;
			productType = "com.apple.product-type.application";
		};
		41AE668520CFB24E009851E1 /* OnBoardingViewController */ = {
			isa = PBXNativeTarget;
			buildConfigurationList = 41AE668F20CFB24F009851E1 /* Build configuration list for PBXNativeTarget "OnBoardingViewController" */;
			buildPhases = (
				41AE668120CFB24E009851E1 /* Sources */,
				41AE668220CFB24E009851E1 /* Frameworks */,
				41AE668320CFB24E009851E1 /* Headers */,
				41AE668420CFB24E009851E1 /* Resources */,
			);
			buildRules = (
			);
			dependencies = (
			);
			name = OnBoardingViewController;
			productName = OnBoardingViewController;
			productReference = 41AE668620CFB24E009851E1 /* OnBoardingViewController.framework */;
			productType = "com.apple.product-type.framework";
		};
		41C7B5DB20F22BFE00D66318 /* ProfileViewController */ = {
			isa = PBXNativeTarget;
			buildConfigurationList = 41C7B5E520F22BFE00D66318 /* Build configuration list for PBXNativeTarget "ProfileViewController" */;
			buildPhases = (
				41C7B5D720F22BFE00D66318 /* Sources */,
				41C7B5D820F22BFE00D66318 /* Frameworks */,
				41C7B5D920F22BFE00D66318 /* Headers */,
				41C7B5DA20F22BFE00D66318 /* Resources */,
			);
			buildRules = (
			);
			dependencies = (
			);
			name = ProfileViewController;
			productName = ProfileViewController;
			productReference = 41C7B5DC20F22BFE00D66318 /* ProfileViewController.framework */;
			productType = "com.apple.product-type.framework";
		};
/* End PBXNativeTarget section */

/* Begin PBXProject section */
		4112D39420C1FB0C00FABEB3 /* Project object */ = {
			isa = PBXProject;
			attributes = {
				LastSwiftUpdateCheck = 0940;
				LastUpgradeCheck = 0940;
				ORGANIZATIONNAME = "Wataru Nishimoto";
				TargetAttributes = {
					4103EE38213A5CB200E46534 = {
						CreatedOnToolsVersion = 9.4.1;
					};
					4112D39B20C1FB0C00FABEB3 = {
						CreatedOnToolsVersion = 9.4;
					};
					4116C5CA20C94D3500B8433E = {
						CreatedOnToolsVersion = 9.4;
					};
					411BF4FC20D0C0F100744E6D = {
						CreatedOnToolsVersion = 9.4;
					};
					411BF51420D0C2C900744E6D = {
						CreatedOnToolsVersion = 9.4;
					};
					41869DEB20C2920900F98D00 = {
						CreatedOnToolsVersion = 9.4;
					};
					41869E5920C368AF00F98D00 = {
						CreatedOnToolsVersion = 9.4;
					};
					41AE668520CFB24E009851E1 = {
						CreatedOnToolsVersion = 9.4;
					};
					41C7B5DB20F22BFE00D66318 = {
						CreatedOnToolsVersion = 9.4.1;
					};
				};
			};
			buildConfigurationList = 4112D39720C1FB0C00FABEB3 /* Build configuration list for PBXProject "pnutAPI" */;
			compatibilityVersion = "Xcode 9.3";
			developmentRegion = en;
			hasScannedForEncodings = 0;
			knownRegions = (
				en,
				Base,
			);
			mainGroup = 4112D39320C1FB0C00FABEB3;
			productRefGroup = 4112D39D20C1FB0D00FABEB3 /* Products */;
			projectDirPath = "";
			projectRoot = "";
			targets = (
				4112D39B20C1FB0C00FABEB3 /* PnutAPIClient */,
				41869DEB20C2920900F98D00 /* PnutAPI */,
				41869E5920C368AF00F98D00 /* Walnut */,
				41AE668520CFB24E009851E1 /* OnBoardingViewController */,
				4116C5CA20C94D3500B8433E /* PostViewController */,
				41C7B5DB20F22BFE00D66318 /* ProfileViewController */,
				411BF4FC20D0C0F100744E6D /* StreamViewController */,
				411BF51420D0C2C900744E6D /* Utils */,
				4103EE38213A5CB200E46534 /* Secrets */,
			);
		};
/* End PBXProject section */

/* Begin PBXResourcesBuildPhase section */
		4103EE37213A5CB200E46534 /* Resources */ = {
			isa = PBXResourcesBuildPhase;
			buildActionMask = 2147483647;
			files = (
			);
			runOnlyForDeploymentPostprocessing = 0;
		};
		4112D39A20C1FB0C00FABEB3 /* Resources */ = {
			isa = PBXResourcesBuildPhase;
			buildActionMask = 2147483647;
			files = (
				4112D3AA20C1FB0E00FABEB3 /* LaunchScreen.storyboard in Resources */,
				4112D3A720C1FB0E00FABEB3 /* Assets.xcassets in Resources */,
				4112D3A520C1FB0D00FABEB3 /* Main.storyboard in Resources */,
			);
			runOnlyForDeploymentPostprocessing = 0;
		};
		4116C5C920C94D3500B8433E /* Resources */ = {
			isa = PBXResourcesBuildPhase;
			buildActionMask = 2147483647;
			files = (
				4116C5D920C94D8100B8433E /* Post.storyboard in Resources */,
			);
			runOnlyForDeploymentPostprocessing = 0;
		};
		411BF4FB20D0C0F100744E6D /* Resources */ = {
			isa = PBXResourcesBuildPhase;
			buildActionMask = 2147483647;
			files = (
				411BF52320D0C8FA00744E6D /* Stream.storyboard in Resources */,
			);
			runOnlyForDeploymentPostprocessing = 0;
		};
		411BF51320D0C2C900744E6D /* Resources */ = {
			isa = PBXResourcesBuildPhase;
			buildActionMask = 2147483647;
			files = (
			);
			runOnlyForDeploymentPostprocessing = 0;
		};
		41869DEA20C2920900F98D00 /* Resources */ = {
			isa = PBXResourcesBuildPhase;
			buildActionMask = 2147483647;
			files = (
			);
			runOnlyForDeploymentPostprocessing = 0;
		};
		41869E5820C368AF00F98D00 /* Resources */ = {
			isa = PBXResourcesBuildPhase;
			buildActionMask = 2147483647;
			files = (
				41869E6720C368B100F98D00 /* LaunchScreen.storyboard in Resources */,
				41869E6420C368B100F98D00 /* Assets.xcassets in Resources */,
			);
			runOnlyForDeploymentPostprocessing = 0;
		};
		41AE668420CFB24E009851E1 /* Resources */ = {
			isa = PBXResourcesBuildPhase;
			buildActionMask = 2147483647;
			files = (
				41AE669720CFB31D009851E1 /* OnBoarding.storyboard in Resources */,
			);
			runOnlyForDeploymentPostprocessing = 0;
		};
		41C7B5DA20F22BFE00D66318 /* Resources */ = {
			isa = PBXResourcesBuildPhase;
			buildActionMask = 2147483647;
			files = (
				41C7B5E920F22C4C00D66318 /* ProfileView.storyboard in Resources */,
			);
			runOnlyForDeploymentPostprocessing = 0;
		};
/* End PBXResourcesBuildPhase section */

/* Begin PBXShellScriptBuildPhase section */
		4116C5DB20C951D900B8433E /* ShellScript */ = {
			isa = PBXShellScriptBuildPhase;
			buildActionMask = 2147483647;
			files = (
			);
			inputPaths = (
			);
			outputPaths = (
			);
			runOnlyForDeploymentPostprocessing = 0;
			shellPath = /bin/sh;
			shellScript = "if which swiftlint >/dev/null; then\n    swiftlint autocorrect\n    swiftlint\nelse\n    echo \"warning: SwiftLint not installed, download from https://github.com/realm/SwiftLint\"\nfi";
		};
		4116C5DC20C951FA00B8433E /* ShellScript */ = {
			isa = PBXShellScriptBuildPhase;
			buildActionMask = 2147483647;
			files = (
			);
			inputPaths = (
			);
			outputPaths = (
			);
			runOnlyForDeploymentPostprocessing = 0;
			shellPath = /bin/sh;
			shellScript = "if which swiftlint >/dev/null; then\n    swiftlint autocorrect\n    swiftlint\nelse\n    echo \"warning: SwiftLint not installed, download from https://github.com/realm/SwiftLint\"\nfi";
		};
		417A3ED620C212510051B74B /* ShellScript */ = {
			isa = PBXShellScriptBuildPhase;
			buildActionMask = 2147483647;
			files = (
			);
			inputPaths = (
				"$(SRCROOT)/Carthage/Build/iOS/APIKit.framework",
				"$(SRCROOT)/Carthage/Build/iOS/OAuthSwift.framework",
				"$(SRCROOT)/Carthage/Build/iOS/Result.framework",
			);
			outputPaths = (
				"$(BUILT_PRODUCTS_DIR)/$(FRAMEWORKS_FOLDER_PATH)/APIKit.framework",
				"$(BUILT_PRODUCTS_DIR)/$(FRAMEWORKS_FOLDER_PATH)/OAuthSwift.framework",
				"$(BUILT_PRODUCTS_DIR)/$(FRAMEWORKS_FOLDER_PATH)/Result.framework",
			);
			runOnlyForDeploymentPostprocessing = 0;
			shellPath = /bin/sh;
			shellScript = "/usr/local/bin/carthage copy-frameworks\n";
		};
		417A3EE520C217AA0051B74B /* ShellScript */ = {
			isa = PBXShellScriptBuildPhase;
			buildActionMask = 2147483647;
			files = (
			);
			inputPaths = (
			);
			outputPaths = (
			);
			runOnlyForDeploymentPostprocessing = 0;
			shellPath = /bin/sh;
			shellScript = "if which swiftlint >/dev/null; then\n    swiftlint autocorrect\n    swiftlint\nelse\n    echo \"warning: SwiftLint not installed, download from https://github.com/realm/SwiftLint\"\nfi";
		};
		41869DFE20C2941F00F98D00 /* ShellScript */ = {
			isa = PBXShellScriptBuildPhase;
			buildActionMask = 2147483647;
			files = (
			);
			inputPaths = (
				"$(SRCROOT)/Carthage/Build/iOS/APIKit.framework",
				"$(SRCROOT)/Carthage/Build/iOS/OAuthSwift.framework",
				"$(SRCROOT)/Carthage/Build/iOS/Result.framework",
			);
			outputPaths = (
				"$(BUILT_PRODUCTS_DIR)/$(FRAMEWORKS_FOLDER_PATH)/APIKit.framework",
				"$(BUILT_PRODUCTS_DIR)/$(FRAMEWORKS_FOLDER_PATH)/OAuthSwift.framework",
				"$(BUILT_PRODUCTS_DIR)/$(FRAMEWORKS_FOLDER_PATH)/Result.framework",
			);
			runOnlyForDeploymentPostprocessing = 0;
			shellPath = /bin/sh;
			shellScript = "/usr/local/bin/carthage copy-frameworks\n";
		};
		41869E7020C369D600F98D00 /* ShellScript */ = {
			isa = PBXShellScriptBuildPhase;
			buildActionMask = 2147483647;
			files = (
			);
			inputPaths = (
			);
			outputPaths = (
			);
			runOnlyForDeploymentPostprocessing = 0;
			shellPath = /bin/sh;
			shellScript = "if which swiftlint >/dev/null; then\n    swiftlint autocorrect\n    swiftlint\nelse\n    echo \"warning: SwiftLint not installed, download from https://github.com/realm/SwiftLint\"\nfi";
		};
		41AB384320E115E000C62580 /* Run Script */ = {
			isa = PBXShellScriptBuildPhase;
			buildActionMask = 2147483647;
			files = (
			);
			inputPaths = (
				"$(SRCROOT)/Carthage/Build/iOS/APIKit.framework",
				"$(SRCROOT)/Carthage/Build/iOS/OAuthSwift.framework",
				"$(SRCROOT)/Carthage/Build/iOS/Result.framework",
				"$(SRCROOT)/Carthage/Build/iOS/Nuke.framework",
			);
			name = "Run Script";
			outputPaths = (
				"$(BUILT_PRODUCTS_DIR)/$(FRAMEWORKS_FOLDER_PATH)/APIKit.framework",
				"$(BUILT_PRODUCTS_DIR)/$(FRAMEWORKS_FOLDER_PATH)/OAuthSwift.framework",
				"$(BUILT_PRODUCTS_DIR)/$(FRAMEWORKS_FOLDER_PATH)/Result.framework",
				"$(BUILT_PRODUCTS_DIR)/$(FRAMEWORKS_FOLDER_PATH)/Nuke.framework",
			);
			runOnlyForDeploymentPostprocessing = 0;
			shellPath = /bin/sh;
			shellScript = "/usr/local/bin/carthage copy-frameworks\n";
		};
/* End PBXShellScriptBuildPhase section */

/* Begin PBXSourcesBuildPhase section */
		4103EE34213A5CB200E46534 /* Sources */ = {
			isa = PBXSourcesBuildPhase;
			buildActionMask = 2147483647;
			files = (
				4103EE56213A5CE900E46534 /* HasSecrets.swift in Sources */,
				4103EE57213A5CE900E46534 /* Secrets.swift in Sources */,
			);
			runOnlyForDeploymentPostprocessing = 0;
		};
		4112D39820C1FB0C00FABEB3 /* Sources */ = {
			isa = PBXSourcesBuildPhase;
			buildActionMask = 2147483647;
			files = (
				4112D3A220C1FB0D00FABEB3 /* ViewController.swift in Sources */,
				4112D3A020C1FB0D00FABEB3 /* AppDelegate.swift in Sources */,
				41869DE620C291A500F98D00 /* PnutAPIList.swift in Sources */,
			);
			runOnlyForDeploymentPostprocessing = 0;
		};
		4116C5C620C94D3500B8433E /* Sources */ = {
			isa = PBXSourcesBuildPhase;
			buildActionMask = 2147483647;
			files = (
				4116C5D820C94D7800B8433E /* PostViewController.swift in Sources */,
			);
			runOnlyForDeploymentPostprocessing = 0;
		};
		411BF4F820D0C0F100744E6D /* Sources */ = {
			isa = PBXSourcesBuildPhase;
			buildActionMask = 2147483647;
			files = (
				411BF52620D0C9C600744E6D /* StreamCellView.swift in Sources */,
				41E703D220EC6F5D00C94904 /* StreamViewModel.swift in Sources */,
				411BF52220D0C30600744E6D /* StreamViewController.swift in Sources */,
			);
			runOnlyForDeploymentPostprocessing = 0;
		};
		411BF51020D0C2C900744E6D /* Sources */ = {
			isa = PBXSourcesBuildPhase;
			buildActionMask = 2147483647;
			files = (
				41E01EA020DDBD9F006182E6 /* StoryboardedType.swift in Sources */,
			);
			runOnlyForDeploymentPostprocessing = 0;
		};
		41869DE720C2920900F98D00 /* Sources */ = {
			isa = PBXSourcesBuildPhase;
			buildActionMask = 2147483647;
			files = (
				41869E0520C2970700F98D00 /* DecodableParser.swift in Sources */,
				41869E0320C2970000F98D00 /* UsersLookupRequest.swift in Sources */,
				41869E0820C2970D00F98D00 /* TokenResponse.swift in Sources */,
				41A328E820E3BDD2009A2CEF /* Paginatable.swift in Sources */,
				41869E1220C2BB6400F98D00 /* PostStreamRequest.swift in Sources */,
				41869E1420C2BDBB00F98D00 /* Entities.swift in Sources */,
				41869E1020C2B27500F98D00 /* Counts.swift in Sources */,
				41869E0E20C2B17700F98D00 /* PostResponse.swift in Sources */,
				41869E0920C2970D00F98D00 /* UserResponse.swift in Sources */,
				41869E0A20C2972700F98D00 /* APITokenManager.swift in Sources */,
				41869E0420C2970300F98D00 /* API.swift in Sources */,
				41869E0620C2970D00F98D00 /* Meta.swift in Sources */,
				41869E0220C296FC00F98D00 /* TokenRequest.swift in Sources */,
				41869E0C20C2ABB800F98D00 /* PostsLifecycleRequest.swift in Sources */,
				41869E0720C2970D00F98D00 /* PnutResponse.swift in Sources */,
			);
			runOnlyForDeploymentPostprocessing = 0;
		};
		41869E5620C368AF00F98D00 /* Sources */ = {
			isa = PBXSourcesBuildPhase;
			buildActionMask = 2147483647;
			files = (
				411BF52F20D34E5A00744E6D /* AppCoordinator.swift in Sources */,
				411BF53420D35FBB00744E6D /* StreamingViewCoordinator.swift in Sources */,
				411BF52E20D34E5A00744E6D /* Coordinator.swift in Sources */,
				411BF53220D35FB000744E6D /* OnBoardingViewCoordinator.swift in Sources */,
				41E703DB20EC773600C94904 /* MainTabCoodinator.swift in Sources */,
				41869E5D20C368AF00F98D00 /* AppDelegate.swift in Sources */,
			);
			runOnlyForDeploymentPostprocessing = 0;
		};
		41AE668120CFB24E009851E1 /* Sources */ = {
			isa = PBXSourcesBuildPhase;
			buildActionMask = 2147483647;
			files = (
				41AE669820CFB322009851E1 /* OnBoardingViewController.swift in Sources */,
			);
			runOnlyForDeploymentPostprocessing = 0;
		};
		41C7B5D720F22BFE00D66318 /* Sources */ = {
			isa = PBXSourcesBuildPhase;
			buildActionMask = 2147483647;
			files = (
				41C7B5E820F22C4200D66318 /* ProfileViewController.swift in Sources */,
			);
			runOnlyForDeploymentPostprocessing = 0;
		};
/* End PBXSourcesBuildPhase section */

/* Begin PBXTargetDependency section */
		4103EE4D213A5CB200E46534 /* PBXTargetDependency */ = {
			isa = PBXTargetDependency;
			target = 4103EE38213A5CB200E46534 /* Secrets */;
			targetProxy = 4103EE4C213A5CB200E46534 /* PBXContainerItemProxy */;
		};
		4103EE5C213A5EA700E46534 /* PBXTargetDependency */ = {
			isa = PBXTargetDependency;
			target = 4103EE38213A5CB200E46534 /* Secrets */;
			targetProxy = 4103EE5B213A5EA700E46534 /* PBXContainerItemProxy */;
		};
		4116C5BE20C8060500B8433E /* PBXTargetDependency */ = {
			isa = PBXTargetDependency;
			target = 41869DEB20C2920900F98D00 /* PnutAPI */;
			targetProxy = 4116C5BD20C8060500B8433E /* PBXContainerItemProxy */;
		};
		4116C5D120C94D3500B8433E /* PBXTargetDependency */ = {
			isa = PBXTargetDependency;
			target = 4116C5CA20C94D3500B8433E /* PostViewController */;
			targetProxy = 4116C5D020C94D3500B8433E /* PBXContainerItemProxy */;
		};
		4116C5E020C9539100B8433E /* PBXTargetDependency */ = {
			isa = PBXTargetDependency;
			target = 4116C5CA20C94D3500B8433E /* PostViewController */;
			targetProxy = 4116C5DF20C9539100B8433E /* PBXContainerItemProxy */;
		};
		411BF50320D0C0F100744E6D /* PBXTargetDependency */ = {
			isa = PBXTargetDependency;
			target = 411BF4FC20D0C0F100744E6D /* StreamViewController */;
			targetProxy = 411BF50220D0C0F100744E6D /* PBXContainerItemProxy */;
		};
		411BF51B20D0C2CA00744E6D /* PBXTargetDependency */ = {
			isa = PBXTargetDependency;
			target = 411BF51420D0C2C900744E6D /* Utils */;
			targetProxy = 411BF51A20D0C2CA00744E6D /* PBXContainerItemProxy */;
		};
		41869DF220C2920900F98D00 /* PBXTargetDependency */ = {
			isa = PBXTargetDependency;
			target = 41869DEB20C2920900F98D00 /* PnutAPI */;
			targetProxy = 41869DF120C2920900F98D00 /* PBXContainerItemProxy */;
		};
		41A5987720D134B20095527D /* PBXTargetDependency */ = {
			isa = PBXTargetDependency;
			target = 41AE668520CFB24E009851E1 /* OnBoardingViewController */;
			targetProxy = 41A5987620D134B20095527D /* PBXContainerItemProxy */;
		};
		41A5987B20D134B20095527D /* PBXTargetDependency */ = {
			isa = PBXTargetDependency;
			target = 411BF4FC20D0C0F100744E6D /* StreamViewController */;
			targetProxy = 41A5987A20D134B20095527D /* PBXContainerItemProxy */;
		};
		41A5987F20D134B20095527D /* PBXTargetDependency */ = {
			isa = PBXTargetDependency;
			target = 411BF51420D0C2C900744E6D /* Utils */;
			targetProxy = 41A5987E20D134B20095527D /* PBXContainerItemProxy */;
		};
		41AE668C20CFB24F009851E1 /* PBXTargetDependency */ = {
			isa = PBXTargetDependency;
			target = 41AE668520CFB24E009851E1 /* OnBoardingViewController */;
			targetProxy = 41AE668B20CFB24F009851E1 /* PBXContainerItemProxy */;
		};
		41C7B5E220F22BFE00D66318 /* PBXTargetDependency */ = {
			isa = PBXTargetDependency;
			target = 41C7B5DB20F22BFE00D66318 /* ProfileViewController */;
			targetProxy = 41C7B5E120F22BFE00D66318 /* PBXContainerItemProxy */;
		};
/* End PBXTargetDependency section */

/* Begin PBXVariantGroup section */
		4112D3A320C1FB0D00FABEB3 /* Main.storyboard */ = {
			isa = PBXVariantGroup;
			children = (
				4112D3A420C1FB0D00FABEB3 /* Base */,
			);
			name = Main.storyboard;
			path = .;
			sourceTree = "<group>";
		};
		4112D3A820C1FB0E00FABEB3 /* LaunchScreen.storyboard */ = {
			isa = PBXVariantGroup;
			children = (
				4112D3A920C1FB0E00FABEB3 /* Base */,
			);
			name = LaunchScreen.storyboard;
			path = .;
			sourceTree = "<group>";
		};
		41869E6520C368B100F98D00 /* LaunchScreen.storyboard */ = {
			isa = PBXVariantGroup;
			children = (
				41869E6620C368B100F98D00 /* Base */,
			);
			name = LaunchScreen.storyboard;
			path = .;
			sourceTree = "<group>";
		};
/* End PBXVariantGroup section */

/* Begin XCBuildConfiguration section */
		4103EE51213A5CB200E46534 /* Debug */ = {
			isa = XCBuildConfiguration;
			buildSettings = {
				CODE_SIGN_IDENTITY = "";
				CODE_SIGN_STYLE = Automatic;
				CURRENT_PROJECT_VERSION = 1;
				DEFINES_MODULE = YES;
				DEVELOPMENT_TEAM = 23P2WNBSHC;
				DYLIB_COMPATIBILITY_VERSION = 1;
				DYLIB_CURRENT_VERSION = 1;
				DYLIB_INSTALL_NAME_BASE = "@rpath";
				INFOPLIST_FILE = "$(SRCROOT)/Supporting Files/Secrets/Info.plist";
				INSTALL_PATH = "$(LOCAL_LIBRARY_DIR)/Frameworks";
				LD_RUNPATH_SEARCH_PATHS = (
					"$(inherited)",
					"@executable_path/Frameworks",
					"@loader_path/Frameworks",
				);
				PRODUCT_BUNDLE_IDENTIFIER = io.wtr.pnutapi.Secrets;
				PRODUCT_NAME = "$(TARGET_NAME:c99extidentifier)";
				SKIP_INSTALL = YES;
				SWIFT_VERSION = 4.0;
				TARGETED_DEVICE_FAMILY = "1,2";
				VERSIONING_SYSTEM = "apple-generic";
				VERSION_INFO_PREFIX = "";
			};
			name = Debug;
		};
		4103EE52213A5CB200E46534 /* Release */ = {
			isa = XCBuildConfiguration;
			buildSettings = {
				CODE_SIGN_IDENTITY = "";
				CODE_SIGN_STYLE = Automatic;
				CURRENT_PROJECT_VERSION = 1;
				DEFINES_MODULE = YES;
				DEVELOPMENT_TEAM = 23P2WNBSHC;
				DYLIB_COMPATIBILITY_VERSION = 1;
				DYLIB_CURRENT_VERSION = 1;
				DYLIB_INSTALL_NAME_BASE = "@rpath";
				INFOPLIST_FILE = "$(SRCROOT)/Supporting Files/Secrets/Info.plist";
				INSTALL_PATH = "$(LOCAL_LIBRARY_DIR)/Frameworks";
				LD_RUNPATH_SEARCH_PATHS = (
					"$(inherited)",
					"@executable_path/Frameworks",
					"@loader_path/Frameworks",
				);
				PRODUCT_BUNDLE_IDENTIFIER = io.wtr.pnutapi.Secrets;
				PRODUCT_NAME = "$(TARGET_NAME:c99extidentifier)";
				SKIP_INSTALL = YES;
				SWIFT_VERSION = 4.0;
				TARGETED_DEVICE_FAMILY = "1,2";
				VERSIONING_SYSTEM = "apple-generic";
				VERSION_INFO_PREFIX = "";
			};
			name = Release;
		};
		4112D3AC20C1FB0E00FABEB3 /* Debug */ = {
			isa = XCBuildConfiguration;
			buildSettings = {
				ALWAYS_SEARCH_USER_PATHS = NO;
				CLANG_ANALYZER_NONNULL = YES;
				CLANG_ANALYZER_NUMBER_OBJECT_CONVERSION = YES_AGGRESSIVE;
				CLANG_CXX_LANGUAGE_STANDARD = "gnu++14";
				CLANG_CXX_LIBRARY = "libc++";
				CLANG_ENABLE_MODULES = YES;
				CLANG_ENABLE_OBJC_ARC = YES;
				CLANG_ENABLE_OBJC_WEAK = YES;
				CLANG_WARN_BLOCK_CAPTURE_AUTORELEASING = YES;
				CLANG_WARN_BOOL_CONVERSION = YES;
				CLANG_WARN_COMMA = YES;
				CLANG_WARN_CONSTANT_CONVERSION = YES;
				CLANG_WARN_DEPRECATED_OBJC_IMPLEMENTATIONS = YES;
				CLANG_WARN_DIRECT_OBJC_ISA_USAGE = YES_ERROR;
				CLANG_WARN_DOCUMENTATION_COMMENTS = YES;
				CLANG_WARN_EMPTY_BODY = YES;
				CLANG_WARN_ENUM_CONVERSION = YES;
				CLANG_WARN_INFINITE_RECURSION = YES;
				CLANG_WARN_INT_CONVERSION = YES;
				CLANG_WARN_NON_LITERAL_NULL_CONVERSION = YES;
				CLANG_WARN_OBJC_IMPLICIT_RETAIN_SELF = YES;
				CLANG_WARN_OBJC_LITERAL_CONVERSION = YES;
				CLANG_WARN_OBJC_ROOT_CLASS = YES_ERROR;
				CLANG_WARN_RANGE_LOOP_ANALYSIS = YES;
				CLANG_WARN_STRICT_PROTOTYPES = YES;
				CLANG_WARN_SUSPICIOUS_MOVE = YES;
				CLANG_WARN_UNGUARDED_AVAILABILITY = YES_AGGRESSIVE;
				CLANG_WARN_UNREACHABLE_CODE = YES;
				CLANG_WARN__DUPLICATE_METHOD_MATCH = YES;
				CODE_SIGN_IDENTITY = "iPhone Developer";
				COPY_PHASE_STRIP = NO;
				DEBUG_INFORMATION_FORMAT = dwarf;
				ENABLE_STRICT_OBJC_MSGSEND = YES;
				ENABLE_TESTABILITY = YES;
				GCC_C_LANGUAGE_STANDARD = gnu11;
				GCC_DYNAMIC_NO_PIC = NO;
				GCC_NO_COMMON_BLOCKS = YES;
				GCC_OPTIMIZATION_LEVEL = 0;
				GCC_PREPROCESSOR_DEFINITIONS = (
					"DEBUG=1",
					"$(inherited)",
				);
				GCC_WARN_64_TO_32_BIT_CONVERSION = YES;
				GCC_WARN_ABOUT_RETURN_TYPE = YES_ERROR;
				GCC_WARN_UNDECLARED_SELECTOR = YES;
				GCC_WARN_UNINITIALIZED_AUTOS = YES_AGGRESSIVE;
				GCC_WARN_UNUSED_FUNCTION = YES;
				GCC_WARN_UNUSED_VARIABLE = YES;
				IPHONEOS_DEPLOYMENT_TARGET = 11.4;
				MTL_ENABLE_DEBUG_INFO = YES;
				ONLY_ACTIVE_ARCH = YES;
				SDKROOT = iphoneos;
				SWIFT_ACTIVE_COMPILATION_CONDITIONS = DEBUG;
				SWIFT_OPTIMIZATION_LEVEL = "-Onone";
			};
			name = Debug;
		};
		4112D3AD20C1FB0E00FABEB3 /* Release */ = {
			isa = XCBuildConfiguration;
			buildSettings = {
				ALWAYS_SEARCH_USER_PATHS = NO;
				CLANG_ANALYZER_NONNULL = YES;
				CLANG_ANALYZER_NUMBER_OBJECT_CONVERSION = YES_AGGRESSIVE;
				CLANG_CXX_LANGUAGE_STANDARD = "gnu++14";
				CLANG_CXX_LIBRARY = "libc++";
				CLANG_ENABLE_MODULES = YES;
				CLANG_ENABLE_OBJC_ARC = YES;
				CLANG_ENABLE_OBJC_WEAK = YES;
				CLANG_WARN_BLOCK_CAPTURE_AUTORELEASING = YES;
				CLANG_WARN_BOOL_CONVERSION = YES;
				CLANG_WARN_COMMA = YES;
				CLANG_WARN_CONSTANT_CONVERSION = YES;
				CLANG_WARN_DEPRECATED_OBJC_IMPLEMENTATIONS = YES;
				CLANG_WARN_DIRECT_OBJC_ISA_USAGE = YES_ERROR;
				CLANG_WARN_DOCUMENTATION_COMMENTS = YES;
				CLANG_WARN_EMPTY_BODY = YES;
				CLANG_WARN_ENUM_CONVERSION = YES;
				CLANG_WARN_INFINITE_RECURSION = YES;
				CLANG_WARN_INT_CONVERSION = YES;
				CLANG_WARN_NON_LITERAL_NULL_CONVERSION = YES;
				CLANG_WARN_OBJC_IMPLICIT_RETAIN_SELF = YES;
				CLANG_WARN_OBJC_LITERAL_CONVERSION = YES;
				CLANG_WARN_OBJC_ROOT_CLASS = YES_ERROR;
				CLANG_WARN_RANGE_LOOP_ANALYSIS = YES;
				CLANG_WARN_STRICT_PROTOTYPES = YES;
				CLANG_WARN_SUSPICIOUS_MOVE = YES;
				CLANG_WARN_UNGUARDED_AVAILABILITY = YES_AGGRESSIVE;
				CLANG_WARN_UNREACHABLE_CODE = YES;
				CLANG_WARN__DUPLICATE_METHOD_MATCH = YES;
				CODE_SIGN_IDENTITY = "iPhone Developer";
				COPY_PHASE_STRIP = NO;
				DEBUG_INFORMATION_FORMAT = "dwarf-with-dsym";
				ENABLE_NS_ASSERTIONS = NO;
				ENABLE_STRICT_OBJC_MSGSEND = YES;
				GCC_C_LANGUAGE_STANDARD = gnu11;
				GCC_NO_COMMON_BLOCKS = YES;
				GCC_WARN_64_TO_32_BIT_CONVERSION = YES;
				GCC_WARN_ABOUT_RETURN_TYPE = YES_ERROR;
				GCC_WARN_UNDECLARED_SELECTOR = YES;
				GCC_WARN_UNINITIALIZED_AUTOS = YES_AGGRESSIVE;
				GCC_WARN_UNUSED_FUNCTION = YES;
				GCC_WARN_UNUSED_VARIABLE = YES;
				IPHONEOS_DEPLOYMENT_TARGET = 11.4;
				MTL_ENABLE_DEBUG_INFO = NO;
				SDKROOT = iphoneos;
				SWIFT_COMPILATION_MODE = wholemodule;
				SWIFT_OPTIMIZATION_LEVEL = "-O";
				VALIDATE_PRODUCT = YES;
			};
			name = Release;
		};
		4112D3AF20C1FB0E00FABEB3 /* Debug */ = {
			isa = XCBuildConfiguration;
			buildSettings = {
				ALWAYS_EMBED_SWIFT_STANDARD_LIBRARIES = YES;
				ASSETCATALOG_COMPILER_APPICON_NAME = AppIcon;
				CODE_SIGN_STYLE = Automatic;
				DEVELOPMENT_TEAM = 23P2WNBSHC;
				FRAMEWORK_SEARCH_PATHS = (
					"$(inherited)",
					"$(PROJECT_DIR)/Carthage/Build/iOS",
				);
				INFOPLIST_FILE = "$(SRCROOT)/Supporting Files/PnutAPIClient/Info.plist";
				LD_RUNPATH_SEARCH_PATHS = (
					"$(inherited)",
					"@executable_path/Frameworks",
				);
				PRODUCT_BUNDLE_IDENTIFIER = io.wtr.pnutAPIClient;
				PRODUCT_NAME = "$(TARGET_NAME)";
				SWIFT_VERSION = 4.0;
				TARGETED_DEVICE_FAMILY = "1,2";
			};
			name = Debug;
		};
		4112D3B020C1FB0E00FABEB3 /* Release */ = {
			isa = XCBuildConfiguration;
			buildSettings = {
				ALWAYS_EMBED_SWIFT_STANDARD_LIBRARIES = YES;
				ASSETCATALOG_COMPILER_APPICON_NAME = AppIcon;
				CODE_SIGN_STYLE = Automatic;
				DEVELOPMENT_TEAM = 23P2WNBSHC;
				FRAMEWORK_SEARCH_PATHS = (
					"$(inherited)",
					"$(PROJECT_DIR)/Carthage/Build/iOS",
				);
				INFOPLIST_FILE = "$(SRCROOT)/Supporting Files/PnutAPIClient/Info.plist";
				LD_RUNPATH_SEARCH_PATHS = (
					"$(inherited)",
					"@executable_path/Frameworks",
				);
				PRODUCT_BUNDLE_IDENTIFIER = io.wtr.pnutAPIClient;
				PRODUCT_NAME = "$(TARGET_NAME)";
				SWIFT_VERSION = 4.0;
				TARGETED_DEVICE_FAMILY = "1,2";
			};
			name = Release;
		};
		4116C5D420C94D3500B8433E /* Debug */ = {
			isa = XCBuildConfiguration;
			buildSettings = {
				CODE_SIGN_IDENTITY = "";
				CODE_SIGN_STYLE = Automatic;
				CURRENT_PROJECT_VERSION = 1;
				DEFINES_MODULE = YES;
				DEVELOPMENT_TEAM = "";
				DYLIB_COMPATIBILITY_VERSION = 1;
				DYLIB_CURRENT_VERSION = 1;
				DYLIB_INSTALL_NAME_BASE = "@rpath";
				INFOPLIST_FILE = "$(SRCROOT)/Supporting Files/PostViewController/Info.plist";
				INSTALL_PATH = "$(LOCAL_LIBRARY_DIR)/Frameworks";
				LD_RUNPATH_SEARCH_PATHS = (
					"$(inherited)",
					"@executable_path/Frameworks",
					"@loader_path/Frameworks",
				);
				PRODUCT_BUNDLE_IDENTIFIER = io.wtr.PostViewController;
				PRODUCT_NAME = "$(TARGET_NAME:c99extidentifier)";
				SKIP_INSTALL = YES;
				SWIFT_VERSION = 4.0;
				TARGETED_DEVICE_FAMILY = "1,2";
				VERSIONING_SYSTEM = "apple-generic";
				VERSION_INFO_PREFIX = "";
			};
			name = Debug;
		};
		4116C5D520C94D3500B8433E /* Release */ = {
			isa = XCBuildConfiguration;
			buildSettings = {
				CODE_SIGN_IDENTITY = "";
				CODE_SIGN_STYLE = Automatic;
				CURRENT_PROJECT_VERSION = 1;
				DEFINES_MODULE = YES;
				DEVELOPMENT_TEAM = "";
				DYLIB_COMPATIBILITY_VERSION = 1;
				DYLIB_CURRENT_VERSION = 1;
				DYLIB_INSTALL_NAME_BASE = "@rpath";
				INFOPLIST_FILE = "$(SRCROOT)/Supporting Files/PostViewController/Info.plist";
				INSTALL_PATH = "$(LOCAL_LIBRARY_DIR)/Frameworks";
				LD_RUNPATH_SEARCH_PATHS = (
					"$(inherited)",
					"@executable_path/Frameworks",
					"@loader_path/Frameworks",
				);
				PRODUCT_BUNDLE_IDENTIFIER = io.wtr.PostViewController;
				PRODUCT_NAME = "$(TARGET_NAME:c99extidentifier)";
				SKIP_INSTALL = YES;
				SWIFT_VERSION = 4.0;
				TARGETED_DEVICE_FAMILY = "1,2";
				VERSIONING_SYSTEM = "apple-generic";
				VERSION_INFO_PREFIX = "";
			};
			name = Release;
		};
		411BF50620D0C0F100744E6D /* Debug */ = {
			isa = XCBuildConfiguration;
			buildSettings = {
				CODE_SIGN_IDENTITY = "";
				CODE_SIGN_STYLE = Automatic;
				CURRENT_PROJECT_VERSION = 1;
				DEFINES_MODULE = YES;
				DEVELOPMENT_TEAM = "";
				DYLIB_COMPATIBILITY_VERSION = 1;
				DYLIB_CURRENT_VERSION = 1;
				DYLIB_INSTALL_NAME_BASE = "@rpath";
				FRAMEWORK_SEARCH_PATHS = (
					"$(inherited)",
					"$(PROJECT_DIR)/Carthage/Build/iOS",
				);
				INFOPLIST_FILE = "$(SRCROOT)/Supporting Files/StreamViewController/Info.plist";
				INSTALL_PATH = "$(LOCAL_LIBRARY_DIR)/Frameworks";
				LD_RUNPATH_SEARCH_PATHS = (
					"$(inherited)",
					"@executable_path/Frameworks",
					"@loader_path/Frameworks",
				);
				PRODUCT_BUNDLE_IDENTIFIER = io.wtr.StreamViewController;
				PRODUCT_NAME = "$(TARGET_NAME:c99extidentifier)";
				SKIP_INSTALL = YES;
				SWIFT_VERSION = 4.0;
				TARGETED_DEVICE_FAMILY = "1,2";
				VERSIONING_SYSTEM = "apple-generic";
				VERSION_INFO_PREFIX = "";
			};
			name = Debug;
		};
		411BF50720D0C0F100744E6D /* Release */ = {
			isa = XCBuildConfiguration;
			buildSettings = {
				CODE_SIGN_IDENTITY = "";
				CODE_SIGN_STYLE = Automatic;
				CURRENT_PROJECT_VERSION = 1;
				DEFINES_MODULE = YES;
				DEVELOPMENT_TEAM = "";
				DYLIB_COMPATIBILITY_VERSION = 1;
				DYLIB_CURRENT_VERSION = 1;
				DYLIB_INSTALL_NAME_BASE = "@rpath";
				FRAMEWORK_SEARCH_PATHS = (
					"$(inherited)",
					"$(PROJECT_DIR)/Carthage/Build/iOS",
				);
				INFOPLIST_FILE = "$(SRCROOT)/Supporting Files/StreamViewController/Info.plist";
				INSTALL_PATH = "$(LOCAL_LIBRARY_DIR)/Frameworks";
				LD_RUNPATH_SEARCH_PATHS = (
					"$(inherited)",
					"@executable_path/Frameworks",
					"@loader_path/Frameworks",
				);
				PRODUCT_BUNDLE_IDENTIFIER = io.wtr.StreamViewController;
				PRODUCT_NAME = "$(TARGET_NAME:c99extidentifier)";
				SKIP_INSTALL = YES;
				SWIFT_VERSION = 4.0;
				TARGETED_DEVICE_FAMILY = "1,2";
				VERSIONING_SYSTEM = "apple-generic";
				VERSION_INFO_PREFIX = "";
			};
			name = Release;
		};
		411BF51F20D0C2CA00744E6D /* Debug */ = {
			isa = XCBuildConfiguration;
			buildSettings = {
				CODE_SIGN_IDENTITY = "";
				CODE_SIGN_STYLE = Automatic;
				CURRENT_PROJECT_VERSION = 1;
				DEFINES_MODULE = YES;
				DEVELOPMENT_TEAM = "";
				DYLIB_COMPATIBILITY_VERSION = 1;
				DYLIB_CURRENT_VERSION = 1;
				DYLIB_INSTALL_NAME_BASE = "@rpath";
				INFOPLIST_FILE = "$(SRCROOT)/Supporting Files/Utils/Info.plist";
				INSTALL_PATH = "$(LOCAL_LIBRARY_DIR)/Frameworks";
				LD_RUNPATH_SEARCH_PATHS = (
					"$(inherited)",
					"@executable_path/Frameworks",
					"@loader_path/Frameworks",
				);
				PRODUCT_BUNDLE_IDENTIFIER = io.wtr.Utils;
				PRODUCT_NAME = "$(TARGET_NAME:c99extidentifier)";
				SKIP_INSTALL = YES;
				SWIFT_VERSION = 4.0;
				TARGETED_DEVICE_FAMILY = "1,2";
				VERSIONING_SYSTEM = "apple-generic";
				VERSION_INFO_PREFIX = "";
			};
			name = Debug;
		};
		411BF52020D0C2CA00744E6D /* Release */ = {
			isa = XCBuildConfiguration;
			buildSettings = {
				CODE_SIGN_IDENTITY = "";
				CODE_SIGN_STYLE = Automatic;
				CURRENT_PROJECT_VERSION = 1;
				DEFINES_MODULE = YES;
				DEVELOPMENT_TEAM = "";
				DYLIB_COMPATIBILITY_VERSION = 1;
				DYLIB_CURRENT_VERSION = 1;
				DYLIB_INSTALL_NAME_BASE = "@rpath";
				INFOPLIST_FILE = "$(SRCROOT)/Supporting Files/Utils/Info.plist";
				INSTALL_PATH = "$(LOCAL_LIBRARY_DIR)/Frameworks";
				LD_RUNPATH_SEARCH_PATHS = (
					"$(inherited)",
					"@executable_path/Frameworks",
					"@loader_path/Frameworks",
				);
				PRODUCT_BUNDLE_IDENTIFIER = io.wtr.Utils;
				PRODUCT_NAME = "$(TARGET_NAME:c99extidentifier)";
				SKIP_INSTALL = YES;
				SWIFT_VERSION = 4.0;
				TARGETED_DEVICE_FAMILY = "1,2";
				VERSIONING_SYSTEM = "apple-generic";
				VERSION_INFO_PREFIX = "";
			};
			name = Release;
		};
		41869DF620C2920900F98D00 /* Debug */ = {
			isa = XCBuildConfiguration;
			buildSettings = {
				CODE_SIGN_IDENTITY = "";
				CODE_SIGN_STYLE = Automatic;
				CURRENT_PROJECT_VERSION = 1;
				DEFINES_MODULE = YES;
				DEVELOPMENT_TEAM = "";
				DYLIB_COMPATIBILITY_VERSION = 1;
				DYLIB_CURRENT_VERSION = 1;
				DYLIB_INSTALL_NAME_BASE = "@rpath";
				FRAMEWORK_SEARCH_PATHS = (
					"$(inherited)",
					"$(PROJECT_DIR)/Carthage/Build/iOS",
				);
				INFOPLIST_FILE = "$(SRCROOT)/Supporting Files/PnutAPI/Info.plist";
				INSTALL_PATH = "$(LOCAL_LIBRARY_DIR)/Frameworks";
				LD_RUNPATH_SEARCH_PATHS = (
					"$(inherited)",
					"@executable_path/Frameworks",
					"@loader_path/Frameworks",
				);
				PRODUCT_BUNDLE_IDENTIFIER = io.wtr.pnutAPI;
				PRODUCT_NAME = "$(TARGET_NAME:c99extidentifier)";
				SKIP_INSTALL = YES;
				SWIFT_VERSION = 4.0;
				TARGETED_DEVICE_FAMILY = "1,2";
				VERSIONING_SYSTEM = "apple-generic";
				VERSION_INFO_PREFIX = "";
			};
			name = Debug;
		};
		41869DF720C2920900F98D00 /* Release */ = {
			isa = XCBuildConfiguration;
			buildSettings = {
				CODE_SIGN_IDENTITY = "";
				CODE_SIGN_STYLE = Automatic;
				CURRENT_PROJECT_VERSION = 1;
				DEFINES_MODULE = YES;
				DEVELOPMENT_TEAM = "";
				DYLIB_COMPATIBILITY_VERSION = 1;
				DYLIB_CURRENT_VERSION = 1;
				DYLIB_INSTALL_NAME_BASE = "@rpath";
				FRAMEWORK_SEARCH_PATHS = (
					"$(inherited)",
					"$(PROJECT_DIR)/Carthage/Build/iOS",
				);
				INFOPLIST_FILE = "$(SRCROOT)/Supporting Files/PnutAPI/Info.plist";
				INSTALL_PATH = "$(LOCAL_LIBRARY_DIR)/Frameworks";
				LD_RUNPATH_SEARCH_PATHS = (
					"$(inherited)",
					"@executable_path/Frameworks",
					"@loader_path/Frameworks",
				);
				PRODUCT_BUNDLE_IDENTIFIER = io.wtr.pnutAPI;
				PRODUCT_NAME = "$(TARGET_NAME:c99extidentifier)";
				SKIP_INSTALL = YES;
				SWIFT_VERSION = 4.0;
				TARGETED_DEVICE_FAMILY = "1,2";
				VERSIONING_SYSTEM = "apple-generic";
				VERSION_INFO_PREFIX = "";
			};
			name = Release;
		};
		41869E6920C368B100F98D00 /* Debug */ = {
			isa = XCBuildConfiguration;
			buildSettings = {
				ALWAYS_EMBED_SWIFT_STANDARD_LIBRARIES = YES;
				ASSETCATALOG_COMPILER_APPICON_NAME = AppIcon;
				CODE_SIGN_STYLE = Automatic;
				DEVELOPMENT_TEAM = 23P2WNBSHC;
				FRAMEWORK_SEARCH_PATHS = (
					"$(inherited)",
					"$(PROJECT_DIR)/Carthage/Build/iOS",
				);
				INFOPLIST_FILE = "$(SRCROOT)/Supporting Files/Walnut/Info.plist";
				LD_RUNPATH_SEARCH_PATHS = (
					"$(inherited)",
					"@executable_path/Frameworks",
				);
				PRODUCT_BUNDLE_IDENTIFIER = app.wtr.walnut;
				PRODUCT_NAME = "$(TARGET_NAME)";
				SWIFT_VERSION = 4.0;
				TARGETED_DEVICE_FAMILY = "1,2";
			};
			name = Debug;
		};
		41869E6A20C368B100F98D00 /* Release */ = {
			isa = XCBuildConfiguration;
			buildSettings = {
				ALWAYS_EMBED_SWIFT_STANDARD_LIBRARIES = YES;
				ASSETCATALOG_COMPILER_APPICON_NAME = AppIcon;
				CODE_SIGN_STYLE = Automatic;
				DEVELOPMENT_TEAM = 23P2WNBSHC;
				FRAMEWORK_SEARCH_PATHS = (
					"$(inherited)",
					"$(PROJECT_DIR)/Carthage/Build/iOS",
				);
				INFOPLIST_FILE = "$(SRCROOT)/Supporting Files/Walnut/Info.plist";
				LD_RUNPATH_SEARCH_PATHS = (
					"$(inherited)",
					"@executable_path/Frameworks",
				);
				PRODUCT_BUNDLE_IDENTIFIER = app.wtr.walnut;
				PRODUCT_NAME = "$(TARGET_NAME)";
				SWIFT_VERSION = 4.0;
				TARGETED_DEVICE_FAMILY = "1,2";
			};
			name = Release;
		};
		41AE669020CFB24F009851E1 /* Debug */ = {
			isa = XCBuildConfiguration;
			buildSettings = {
				CODE_SIGN_IDENTITY = "";
				CODE_SIGN_STYLE = Automatic;
				CURRENT_PROJECT_VERSION = 1;
				DEFINES_MODULE = YES;
				DEVELOPMENT_TEAM = "";
				DYLIB_COMPATIBILITY_VERSION = 1;
				DYLIB_CURRENT_VERSION = 1;
				DYLIB_INSTALL_NAME_BASE = "@rpath";
				INFOPLIST_FILE = "$(SRCROOT)/Supporting Files/OnBoardingViewController/Info.plist";
				INSTALL_PATH = "$(LOCAL_LIBRARY_DIR)/Frameworks";
				LD_RUNPATH_SEARCH_PATHS = (
					"$(inherited)",
					"@executable_path/Frameworks",
					"@loader_path/Frameworks",
				);
				PRODUCT_BUNDLE_IDENTIFIER = io.wtr.OnBoardingViewController;
				PRODUCT_NAME = "$(TARGET_NAME:c99extidentifier)";
				SKIP_INSTALL = YES;
				SWIFT_VERSION = 4.0;
				TARGETED_DEVICE_FAMILY = "1,2";
				VERSIONING_SYSTEM = "apple-generic";
				VERSION_INFO_PREFIX = "";
			};
			name = Debug;
		};
		41AE669120CFB24F009851E1 /* Release */ = {
			isa = XCBuildConfiguration;
			buildSettings = {
				CODE_SIGN_IDENTITY = "";
				CODE_SIGN_STYLE = Automatic;
				CURRENT_PROJECT_VERSION = 1;
				DEFINES_MODULE = YES;
				DEVELOPMENT_TEAM = "";
				DYLIB_COMPATIBILITY_VERSION = 1;
				DYLIB_CURRENT_VERSION = 1;
				DYLIB_INSTALL_NAME_BASE = "@rpath";
				INFOPLIST_FILE = "$(SRCROOT)/Supporting Files/OnBoardingViewController/Info.plist";
				INSTALL_PATH = "$(LOCAL_LIBRARY_DIR)/Frameworks";
				LD_RUNPATH_SEARCH_PATHS = (
					"$(inherited)",
					"@executable_path/Frameworks",
					"@loader_path/Frameworks",
				);
				PRODUCT_BUNDLE_IDENTIFIER = io.wtr.OnBoardingViewController;
				PRODUCT_NAME = "$(TARGET_NAME:c99extidentifier)";
				SKIP_INSTALL = YES;
				SWIFT_VERSION = 4.0;
				TARGETED_DEVICE_FAMILY = "1,2";
				VERSIONING_SYSTEM = "apple-generic";
				VERSION_INFO_PREFIX = "";
			};
			name = Release;
		};
		41C7B5E620F22BFE00D66318 /* Debug */ = {
			isa = XCBuildConfiguration;
			buildSettings = {
				CODE_SIGN_IDENTITY = "";
				CODE_SIGN_STYLE = Automatic;
				CURRENT_PROJECT_VERSION = 1;
				DEFINES_MODULE = YES;
				DEVELOPMENT_TEAM = "";
				DYLIB_COMPATIBILITY_VERSION = 1;
				DYLIB_CURRENT_VERSION = 1;
				DYLIB_INSTALL_NAME_BASE = "@rpath";
				INFOPLIST_FILE = "$(SRCROOT)/Supporting Files/ProfileViewController/Info.plist";
				INSTALL_PATH = "$(LOCAL_LIBRARY_DIR)/Frameworks";
				LD_RUNPATH_SEARCH_PATHS = (
					"$(inherited)",
					"@executable_path/Frameworks",
					"@loader_path/Frameworks",
				);
				PRODUCT_BUNDLE_IDENTIFIER = io.wtr.ProfileViewController;
				PRODUCT_NAME = "$(TARGET_NAME:c99extidentifier)";
				SKIP_INSTALL = YES;
				SWIFT_VERSION = 4.0;
				TARGETED_DEVICE_FAMILY = "1,2";
				VERSIONING_SYSTEM = "apple-generic";
				VERSION_INFO_PREFIX = "";
			};
			name = Debug;
		};
		41C7B5E720F22BFE00D66318 /* Release */ = {
			isa = XCBuildConfiguration;
			buildSettings = {
				CODE_SIGN_IDENTITY = "";
				CODE_SIGN_STYLE = Automatic;
				CURRENT_PROJECT_VERSION = 1;
				DEFINES_MODULE = YES;
				DEVELOPMENT_TEAM = "";
				DYLIB_COMPATIBILITY_VERSION = 1;
				DYLIB_CURRENT_VERSION = 1;
				DYLIB_INSTALL_NAME_BASE = "@rpath";
				INFOPLIST_FILE = "$(SRCROOT)/Supporting Files/ProfileViewController/Info.plist";
				INSTALL_PATH = "$(LOCAL_LIBRARY_DIR)/Frameworks";
				LD_RUNPATH_SEARCH_PATHS = (
					"$(inherited)",
					"@executable_path/Frameworks",
					"@loader_path/Frameworks",
				);
				PRODUCT_BUNDLE_IDENTIFIER = io.wtr.ProfileViewController;
				PRODUCT_NAME = "$(TARGET_NAME:c99extidentifier)";
				SKIP_INSTALL = YES;
				SWIFT_VERSION = 4.0;
				TARGETED_DEVICE_FAMILY = "1,2";
				VERSIONING_SYSTEM = "apple-generic";
				VERSION_INFO_PREFIX = "";
			};
			name = Release;
		};
/* End XCBuildConfiguration section */

/* Begin XCConfigurationList section */
		4103EE50213A5CB200E46534 /* Build configuration list for PBXNativeTarget "Secrets" */ = {
			isa = XCConfigurationList;
			buildConfigurations = (
				4103EE51213A5CB200E46534 /* Debug */,
				4103EE52213A5CB200E46534 /* Release */,
			);
			defaultConfigurationIsVisible = 0;
			defaultConfigurationName = Release;
		};
		4112D39720C1FB0C00FABEB3 /* Build configuration list for PBXProject "pnutAPI" */ = {
			isa = XCConfigurationList;
			buildConfigurations = (
				4112D3AC20C1FB0E00FABEB3 /* Debug */,
				4112D3AD20C1FB0E00FABEB3 /* Release */,
			);
			defaultConfigurationIsVisible = 0;
			defaultConfigurationName = Release;
		};
		4112D3AE20C1FB0E00FABEB3 /* Build configuration list for PBXNativeTarget "PnutAPIClient" */ = {
			isa = XCConfigurationList;
			buildConfigurations = (
				4112D3AF20C1FB0E00FABEB3 /* Debug */,
				4112D3B020C1FB0E00FABEB3 /* Release */,
			);
			defaultConfigurationIsVisible = 0;
			defaultConfigurationName = Release;
		};
		4116C5D620C94D3500B8433E /* Build configuration list for PBXNativeTarget "PostViewController" */ = {
			isa = XCConfigurationList;
			buildConfigurations = (
				4116C5D420C94D3500B8433E /* Debug */,
				4116C5D520C94D3500B8433E /* Release */,
			);
			defaultConfigurationIsVisible = 0;
			defaultConfigurationName = Release;
		};
		411BF50820D0C0F100744E6D /* Build configuration list for PBXNativeTarget "StreamViewController" */ = {
			isa = XCConfigurationList;
			buildConfigurations = (
				411BF50620D0C0F100744E6D /* Debug */,
				411BF50720D0C0F100744E6D /* Release */,
			);
			defaultConfigurationIsVisible = 0;
			defaultConfigurationName = Release;
		};
		411BF51E20D0C2CA00744E6D /* Build configuration list for PBXNativeTarget "Utils" */ = {
			isa = XCConfigurationList;
			buildConfigurations = (
				411BF51F20D0C2CA00744E6D /* Debug */,
				411BF52020D0C2CA00744E6D /* Release */,
			);
			defaultConfigurationIsVisible = 0;
			defaultConfigurationName = Release;
		};
		41869DF520C2920900F98D00 /* Build configuration list for PBXNativeTarget "PnutAPI" */ = {
			isa = XCConfigurationList;
			buildConfigurations = (
				41869DF620C2920900F98D00 /* Debug */,
				41869DF720C2920900F98D00 /* Release */,
			);
			defaultConfigurationIsVisible = 0;
			defaultConfigurationName = Release;
		};
		41869E6B20C368B100F98D00 /* Build configuration list for PBXNativeTarget "Walnut" */ = {
			isa = XCConfigurationList;
			buildConfigurations = (
				41869E6920C368B100F98D00 /* Debug */,
				41869E6A20C368B100F98D00 /* Release */,
			);
			defaultConfigurationIsVisible = 0;
			defaultConfigurationName = Release;
		};
		41AE668F20CFB24F009851E1 /* Build configuration list for PBXNativeTarget "OnBoardingViewController" */ = {
			isa = XCConfigurationList;
			buildConfigurations = (
				41AE669020CFB24F009851E1 /* Debug */,
				41AE669120CFB24F009851E1 /* Release */,
			);
			defaultConfigurationIsVisible = 0;
			defaultConfigurationName = Release;
		};
		41C7B5E520F22BFE00D66318 /* Build configuration list for PBXNativeTarget "ProfileViewController" */ = {
			isa = XCConfigurationList;
			buildConfigurations = (
				41C7B5E620F22BFE00D66318 /* Debug */,
				41C7B5E720F22BFE00D66318 /* Release */,
			);
			defaultConfigurationIsVisible = 0;
			defaultConfigurationName = Release;
		};
/* End XCConfigurationList section */
	};
	rootObject = 4112D39420C1FB0C00FABEB3 /* Project object */;
}
