// !$*UTF8*$!
{
	archiveVersion = 1;
	classes = {
	};
	objectVersion = 50;
	objects = {

/* Begin PBXBuildFile section */
		4112D3A020C1FB0D00FABEB3 /* AppDelegate.swift in Sources */ = {isa = PBXBuildFile; fileRef = 4112D39F20C1FB0D00FABEB3 /* AppDelegate.swift */; };
		4112D3A220C1FB0D00FABEB3 /* ViewController.swift in Sources */ = {isa = PBXBuildFile; fileRef = 4112D3A120C1FB0D00FABEB3 /* ViewController.swift */; };
		4112D3A520C1FB0D00FABEB3 /* Main.storyboard in Resources */ = {isa = PBXBuildFile; fileRef = 4112D3A320C1FB0D00FABEB3 /* Main.storyboard */; };
		4112D3A720C1FB0E00FABEB3 /* Assets.xcassets in Resources */ = {isa = PBXBuildFile; fileRef = 4112D3A620C1FB0E00FABEB3 /* Assets.xcassets */; };
		4112D3AA20C1FB0E00FABEB3 /* LaunchScreen.storyboard in Resources */ = {isa = PBXBuildFile; fileRef = 4112D3A820C1FB0E00FABEB3 /* LaunchScreen.storyboard */; };
		417A3EE220C212EC0051B74B /* APIKit.framework in Frameworks */ = {isa = PBXBuildFile; fileRef = 417A3ED720C212CE0051B74B /* APIKit.framework */; };
		417A3EE320C212EC0051B74B /* OAuthSwift.framework in Frameworks */ = {isa = PBXBuildFile; fileRef = 417A3ED920C212CF0051B74B /* OAuthSwift.framework */; };
		417A3EE420C212EC0051B74B /* Result.framework in Frameworks */ = {isa = PBXBuildFile; fileRef = 417A3ED820C212CF0051B74B /* Result.framework */; };
		417A3EE820C2232B0051B74B /* APITokenManager.swift in Sources */ = {isa = PBXBuildFile; fileRef = 417A3EE720C2232B0051B74B /* APITokenManager.swift */; };
		417A3EEB20C258DD0051B74B /* API.swift in Sources */ = {isa = PBXBuildFile; fileRef = 417A3EEA20C258DD0051B74B /* API.swift */; };
		417A3EED20C25AE50051B74B /* DecodableParser.swift in Sources */ = {isa = PBXBuildFile; fileRef = 417A3EEC20C25AE50051B74B /* DecodableParser.swift */; };
		417A3EEF20C25BAF0051B74B /* TokenRequest.swift in Sources */ = {isa = PBXBuildFile; fileRef = 417A3EEE20C25BAF0051B74B /* TokenRequest.swift */; };
		41869DD720C27D7B00F98D00 /* UserResponse.swift in Sources */ = {isa = PBXBuildFile; fileRef = 41869DD620C27D7B00F98D00 /* UserResponse.swift */; };
		41869DD920C27D9F00F98D00 /* TokenResponse.swift in Sources */ = {isa = PBXBuildFile; fileRef = 41869DD820C27D9F00F98D00 /* TokenResponse.swift */; };
		41869DDD20C2827000F98D00 /* PnutResponse.swift in Sources */ = {isa = PBXBuildFile; fileRef = 41869DDC20C2827000F98D00 /* PnutResponse.swift */; };
		41869DDF20C2834D00F98D00 /* Meta.swift in Sources */ = {isa = PBXBuildFile; fileRef = 41869DDE20C2834D00F98D00 /* Meta.swift */; };
/* End PBXBuildFile section */

/* Begin PBXFileReference section */
		4112D39C20C1FB0D00FABEB3 /* pnutAPI.app */ = {isa = PBXFileReference; explicitFileType = wrapper.application; includeInIndex = 0; path = pnutAPI.app; sourceTree = BUILT_PRODUCTS_DIR; };
		4112D39F20C1FB0D00FABEB3 /* AppDelegate.swift */ = {isa = PBXFileReference; lastKnownFileType = sourcecode.swift; path = AppDelegate.swift; sourceTree = "<group>"; };
		4112D3A120C1FB0D00FABEB3 /* ViewController.swift */ = {isa = PBXFileReference; lastKnownFileType = sourcecode.swift; path = ViewController.swift; sourceTree = "<group>"; };
		4112D3A420C1FB0D00FABEB3 /* Base */ = {isa = PBXFileReference; lastKnownFileType = file.storyboard; name = Base; path = Base.lproj/Main.storyboard; sourceTree = "<group>"; };
		4112D3A620C1FB0E00FABEB3 /* Assets.xcassets */ = {isa = PBXFileReference; lastKnownFileType = folder.assetcatalog; path = Assets.xcassets; sourceTree = "<group>"; };
		4112D3A920C1FB0E00FABEB3 /* Base */ = {isa = PBXFileReference; lastKnownFileType = file.storyboard; name = Base; path = Base.lproj/LaunchScreen.storyboard; sourceTree = "<group>"; };
		4112D3AB20C1FB0E00FABEB3 /* Info.plist */ = {isa = PBXFileReference; lastKnownFileType = text.plist.xml; path = Info.plist; sourceTree = "<group>"; };
		417A3ED720C212CE0051B74B /* APIKit.framework */ = {isa = PBXFileReference; lastKnownFileType = wrapper.framework; name = APIKit.framework; path = Carthage/Build/iOS/APIKit.framework; sourceTree = "<group>"; };
		417A3ED820C212CF0051B74B /* Result.framework */ = {isa = PBXFileReference; lastKnownFileType = wrapper.framework; name = Result.framework; path = Carthage/Build/iOS/Result.framework; sourceTree = "<group>"; };
		417A3ED920C212CF0051B74B /* OAuthSwift.framework */ = {isa = PBXFileReference; lastKnownFileType = wrapper.framework; name = OAuthSwift.framework; path = Carthage/Build/iOS/OAuthSwift.framework; sourceTree = "<group>"; };
		417A3EE720C2232B0051B74B /* APITokenManager.swift */ = {isa = PBXFileReference; lastKnownFileType = sourcecode.swift; path = APITokenManager.swift; sourceTree = "<group>"; };
		417A3EEA20C258DD0051B74B /* API.swift */ = {isa = PBXFileReference; lastKnownFileType = sourcecode.swift; path = API.swift; sourceTree = "<group>"; };
		417A3EEC20C25AE50051B74B /* DecodableParser.swift */ = {isa = PBXFileReference; lastKnownFileType = sourcecode.swift; path = DecodableParser.swift; sourceTree = "<group>"; };
		417A3EEE20C25BAF0051B74B /* TokenRequest.swift */ = {isa = PBXFileReference; lastKnownFileType = sourcecode.swift; path = TokenRequest.swift; sourceTree = "<group>"; };
		41869DD620C27D7B00F98D00 /* UserResponse.swift */ = {isa = PBXFileReference; lastKnownFileType = sourcecode.swift; path = UserResponse.swift; sourceTree = "<group>"; };
		41869DD820C27D9F00F98D00 /* TokenResponse.swift */ = {isa = PBXFileReference; lastKnownFileType = sourcecode.swift; path = TokenResponse.swift; sourceTree = "<group>"; };
		41869DDC20C2827000F98D00 /* PnutResponse.swift */ = {isa = PBXFileReference; lastKnownFileType = sourcecode.swift; path = PnutResponse.swift; sourceTree = "<group>"; };
		41869DDE20C2834D00F98D00 /* Meta.swift */ = {isa = PBXFileReference; lastKnownFileType = sourcecode.swift; path = Meta.swift; sourceTree = "<group>"; };
/* End PBXFileReference section */

/* Begin PBXFrameworksBuildPhase section */
		4112D39920C1FB0C00FABEB3 /* Frameworks */ = {
			isa = PBXFrameworksBuildPhase;
			buildActionMask = 2147483647;
			files = (
				417A3EE220C212EC0051B74B /* APIKit.framework in Frameworks */,
				417A3EE320C212EC0051B74B /* OAuthSwift.framework in Frameworks */,
				417A3EE420C212EC0051B74B /* Result.framework in Frameworks */,
			);
			runOnlyForDeploymentPostprocessing = 0;
		};
/* End PBXFrameworksBuildPhase section */

/* Begin PBXGroup section */
		4112D39320C1FB0C00FABEB3 = {
			isa = PBXGroup;
			children = (
				417A3EE120C212EC0051B74B /* Frameworks */,
				4112D39D20C1FB0D00FABEB3 /* Products */,
				4112D39E20C1FB0D00FABEB3 /* pnutAPI */,
			);
			sourceTree = "<group>";
		};
		4112D39D20C1FB0D00FABEB3 /* Products */ = {
			isa = PBXGroup;
			children = (
				4112D39C20C1FB0D00FABEB3 /* pnutAPI.app */,
			);
			name = Products;
			sourceTree = "<group>";
		};
		4112D39E20C1FB0D00FABEB3 /* pnutAPI */ = {
			isa = PBXGroup;
			children = (
				417A3EE920C258CA0051B74B /* API */,
				417A3EE620C2231E0051B74B /* Manager */,
				4112D39F20C1FB0D00FABEB3 /* AppDelegate.swift */,
				4112D3A620C1FB0E00FABEB3 /* Assets.xcassets */,
				4112D3AB20C1FB0E00FABEB3 /* Info.plist */,
				4112D3A820C1FB0E00FABEB3 /* LaunchScreen.storyboard */,
				4112D3A320C1FB0D00FABEB3 /* Main.storyboard */,
				4112D3A120C1FB0D00FABEB3 /* ViewController.swift */,
			);
			path = pnutAPI;
			sourceTree = "<group>";
		};
		417A3EE120C212EC0051B74B /* Frameworks */ = {
			isa = PBXGroup;
			children = (
				417A3ED720C212CE0051B74B /* APIKit.framework */,
				417A3ED920C212CF0051B74B /* OAuthSwift.framework */,
				417A3ED820C212CF0051B74B /* Result.framework */,
			);
			name = Frameworks;
			sourceTree = "<group>";
		};
		417A3EE620C2231E0051B74B /* Manager */ = {
			isa = PBXGroup;
			children = (
				417A3EE720C2232B0051B74B /* APITokenManager.swift */,
			);
			path = Manager;
			sourceTree = "<group>";
		};
		417A3EE920C258CA0051B74B /* API */ = {
			isa = PBXGroup;
			children = (
				41869DE020C284C300F98D00 /* Request */,
				41869DD520C27D6F00F98D00 /* Response */,
				417A3EEA20C258DD0051B74B /* API.swift */,
				417A3EEC20C25AE50051B74B /* DecodableParser.swift */,
			);
			path = API;
			sourceTree = "<group>";
		};
		41869DD520C27D6F00F98D00 /* Response */ = {
			isa = PBXGroup;
			children = (
				41869DDE20C2834D00F98D00 /* Meta.swift */,
				41869DDC20C2827000F98D00 /* PnutResponse.swift */,
				41869DD820C27D9F00F98D00 /* TokenResponse.swift */,
				41869DD620C27D7B00F98D00 /* UserResponse.swift */,
			);
			path = Response;
			sourceTree = "<group>";
		};
		41869DE020C284C300F98D00 /* Request */ = {
			isa = PBXGroup;
			children = (
				417A3EEE20C25BAF0051B74B /* TokenRequest.swift */,
			);
			path = Request;
			sourceTree = "<group>";
		};
/* End PBXGroup section */

/* Begin PBXNativeTarget section */
		4112D39B20C1FB0C00FABEB3 /* pnutAPI */ = {
			isa = PBXNativeTarget;
			buildConfigurationList = 4112D3AE20C1FB0E00FABEB3 /* Build configuration list for PBXNativeTarget "pnutAPI" */;
			buildPhases = (
				417A3ED420C20D3A0051B74B /* ShellScript */,
				417A3EE520C217AA0051B74B /* ShellScript */,
				4112D39820C1FB0C00FABEB3 /* Sources */,
				4112D39920C1FB0C00FABEB3 /* Frameworks */,
				4112D39A20C1FB0C00FABEB3 /* Resources */,
				417A3ED620C212510051B74B /* ShellScript */,
				417A3ED520C20D5B0051B74B /* ShellScript */,
			);
			buildRules = (
			);
			dependencies = (
			);
			name = pnutAPI;
			productName = pnutAPI;
			productReference = 4112D39C20C1FB0D00FABEB3 /* pnutAPI.app */;
			productType = "com.apple.product-type.application";
		};
/* End PBXNativeTarget section */

/* Begin PBXProject section */
		4112D39420C1FB0C00FABEB3 /* Project object */ = {
			isa = PBXProject;
			attributes = {
				LastSwiftUpdateCheck = 0940;
				LastUpgradeCheck = 0940;
				ORGANIZATIONNAME = "Wataru Nishimoto";
				TargetAttributes = {
					4112D39B20C1FB0C00FABEB3 = {
						CreatedOnToolsVersion = 9.4;
					};
				};
			};
			buildConfigurationList = 4112D39720C1FB0C00FABEB3 /* Build configuration list for PBXProject "pnutAPI" */;
			compatibilityVersion = "Xcode 9.3";
			developmentRegion = en;
			hasScannedForEncodings = 0;
			knownRegions = (
				en,
				Base,
			);
			mainGroup = 4112D39320C1FB0C00FABEB3;
			productRefGroup = 4112D39D20C1FB0D00FABEB3 /* Products */;
			projectDirPath = "";
			projectRoot = "";
			targets = (
				4112D39B20C1FB0C00FABEB3 /* pnutAPI */,
			);
		};
/* End PBXProject section */

/* Begin PBXResourcesBuildPhase section */
		4112D39A20C1FB0C00FABEB3 /* Resources */ = {
			isa = PBXResourcesBuildPhase;
			buildActionMask = 2147483647;
			files = (
				4112D3AA20C1FB0E00FABEB3 /* LaunchScreen.storyboard in Resources */,
				4112D3A720C1FB0E00FABEB3 /* Assets.xcassets in Resources */,
				4112D3A520C1FB0D00FABEB3 /* Main.storyboard in Resources */,
			);
			runOnlyForDeploymentPostprocessing = 0;
		};
/* End PBXResourcesBuildPhase section */

/* Begin PBXShellScriptBuildPhase section */
		417A3ED420C20D3A0051B74B /* ShellScript */ = {
			isa = PBXShellScriptBuildPhase;
			buildActionMask = 2147483647;
			files = (
			);
			inputPaths = (
			);
			outputPaths = (
			);
			runOnlyForDeploymentPostprocessing = 0;
			shellPath = /bin/sh;
			shellScript = "test -e ~/.zshrc && source ~/.zshrc\nbundle exec fastlane set_secrets";
		};
		417A3ED520C20D5B0051B74B /* ShellScript */ = {
			isa = PBXShellScriptBuildPhase;
			buildActionMask = 2147483647;
			files = (
			);
			inputPaths = (
			);
			outputPaths = (
			);
			runOnlyForDeploymentPostprocessing = 0;
			shellPath = /bin/sh;
			shellScript = "test -e ~/.zshrc && source ~/.zshrc\nbundle exec fastlane remove_secrets";
		};
		417A3ED620C212510051B74B /* ShellScript */ = {
			isa = PBXShellScriptBuildPhase;
			buildActionMask = 2147483647;
			files = (
			);
			inputPaths = (
				"$(SRCROOT)/Carthage/Build/iOS/APIKit.framework",
				"$(SRCROOT)/Carthage/Build/iOS/OAuthSwift.framework",
				"$(SRCROOT)/Carthage/Build/iOS/Result.framework",
			);
			outputPaths = (
				"$(BUILT_PRODUCTS_DIR)/$(FRAMEWORKS_FOLDER_PATH)/APIKit.framework",
				"$(BUILT_PRODUCTS_DIR)/$(FRAMEWORKS_FOLDER_PATH)/OAuthSwift.framework",
				"$(BUILT_PRODUCTS_DIR)/$(FRAMEWORKS_FOLDER_PATH)/Result.framework",
			);
			runOnlyForDeploymentPostprocessing = 0;
			shellPath = /bin/sh;
			shellScript = "/usr/local/bin/carthage copy-frameworks\n";
		};
		417A3EE520C217AA0051B74B /* ShellScript */ = {
			isa = PBXShellScriptBuildPhase;
			buildActionMask = 2147483647;
			files = (
			);
			inputPaths = (
			);
			outputPaths = (
			);
			runOnlyForDeploymentPostprocessing = 0;
			shellPath = /bin/sh;
			shellScript = "if which swiftlint >/dev/null; then\n    swiftlint autocorrect\n    swiftlint\nelse\n    echo \"warning: SwiftLint not installed, download from https://github.com/realm/SwiftLint\"\nfi";
		};
/* End PBXShellScriptBuildPhase section */

/* Begin PBXSourcesBuildPhase section */
		4112D39820C1FB0C00FABEB3 /* Sources */ = {
			isa = PBXSourcesBuildPhase;
			buildActionMask = 2147483647;
			files = (
				417A3EED20C25AE50051B74B /* DecodableParser.swift in Sources */,
				4112D3A220C1FB0D00FABEB3 /* ViewController.swift in Sources */,
				4112D3A020C1FB0D00FABEB3 /* AppDelegate.swift in Sources */,
				417A3EEF20C25BAF0051B74B /* TokenRequest.swift in Sources */,
				41869DD720C27D7B00F98D00 /* UserResponse.swift in Sources */,
				417A3EEB20C258DD0051B74B /* API.swift in Sources */,
				41869DD920C27D9F00F98D00 /* TokenResponse.swift in Sources */,
				417A3EE820C2232B0051B74B /* APITokenManager.swift in Sources */,
				41869DDF20C2834D00F98D00 /* Meta.swift in Sources */,
				41869DDD20C2827000F98D00 /* PnutResponse.swift in Sources */,
			);
			runOnlyForDeploymentPostprocessing = 0;
		};
/* End PBXSourcesBuildPhase section */

/* Begin PBXVariantGroup section */
		4112D3A320C1FB0D00FABEB3 /* Main.storyboard */ = {
			isa = PBXVariantGroup;
			children = (
				4112D3A420C1FB0D00FABEB3 /* Base */,
			);
			name = Main.storyboard;
			path = .;
			sourceTree = "<group>";
		};
		4112D3A820C1FB0E00FABEB3 /* LaunchScreen.storyboard */ = {
			isa = PBXVariantGroup;
			children = (
				4112D3A920C1FB0E00FABEB3 /* Base */,
			);
			name = LaunchScreen.storyboard;
			path = .;
			sourceTree = "<group>";
		};
/* End PBXVariantGroup section */

/* Begin XCBuildConfiguration section */
		4112D3AC20C1FB0E00FABEB3 /* Debug */ = {
			isa = XCBuildConfiguration;
			buildSettings = {
				ALWAYS_SEARCH_USER_PATHS = NO;
				CLANG_ANALYZER_NONNULL = YES;
				CLANG_ANALYZER_NUMBER_OBJECT_CONVERSION = YES_AGGRESSIVE;
				CLANG_CXX_LANGUAGE_STANDARD = "gnu++14";
				CLANG_CXX_LIBRARY = "libc++";
				CLANG_ENABLE_MODULES = YES;
				CLANG_ENABLE_OBJC_ARC = YES;
				CLANG_ENABLE_OBJC_WEAK = YES;
				CLANG_WARN_BLOCK_CAPTURE_AUTORELEASING = YES;
				CLANG_WARN_BOOL_CONVERSION = YES;
				CLANG_WARN_COMMA = YES;
				CLANG_WARN_CONSTANT_CONVERSION = YES;
				CLANG_WARN_DEPRECATED_OBJC_IMPLEMENTATIONS = YES;
				CLANG_WARN_DIRECT_OBJC_ISA_USAGE = YES_ERROR;
				CLANG_WARN_DOCUMENTATION_COMMENTS = YES;
				CLANG_WARN_EMPTY_BODY = YES;
				CLANG_WARN_ENUM_CONVERSION = YES;
				CLANG_WARN_INFINITE_RECURSION = YES;
				CLANG_WARN_INT_CONVERSION = YES;
				CLANG_WARN_NON_LITERAL_NULL_CONVERSION = YES;
				CLANG_WARN_OBJC_IMPLICIT_RETAIN_SELF = YES;
				CLANG_WARN_OBJC_LITERAL_CONVERSION = YES;
				CLANG_WARN_OBJC_ROOT_CLASS = YES_ERROR;
				CLANG_WARN_RANGE_LOOP_ANALYSIS = YES;
				CLANG_WARN_STRICT_PROTOTYPES = YES;
				CLANG_WARN_SUSPICIOUS_MOVE = YES;
				CLANG_WARN_UNGUARDED_AVAILABILITY = YES_AGGRESSIVE;
				CLANG_WARN_UNREACHABLE_CODE = YES;
				CLANG_WARN__DUPLICATE_METHOD_MATCH = YES;
				CODE_SIGN_IDENTITY = "iPhone Developer";
				COPY_PHASE_STRIP = NO;
				DEBUG_INFORMATION_FORMAT = dwarf;
				ENABLE_STRICT_OBJC_MSGSEND = YES;
				ENABLE_TESTABILITY = YES;
				GCC_C_LANGUAGE_STANDARD = gnu11;
				GCC_DYNAMIC_NO_PIC = NO;
				GCC_NO_COMMON_BLOCKS = YES;
				GCC_OPTIMIZATION_LEVEL = 0;
				GCC_PREPROCESSOR_DEFINITIONS = (
					"DEBUG=1",
					"$(inherited)",
				);
				GCC_WARN_64_TO_32_BIT_CONVERSION = YES;
				GCC_WARN_ABOUT_RETURN_TYPE = YES_ERROR;
				GCC_WARN_UNDECLARED_SELECTOR = YES;
				GCC_WARN_UNINITIALIZED_AUTOS = YES_AGGRESSIVE;
				GCC_WARN_UNUSED_FUNCTION = YES;
				GCC_WARN_UNUSED_VARIABLE = YES;
				IPHONEOS_DEPLOYMENT_TARGET = 11.4;
				MTL_ENABLE_DEBUG_INFO = YES;
				ONLY_ACTIVE_ARCH = YES;
				SDKROOT = iphoneos;
				SWIFT_ACTIVE_COMPILATION_CONDITIONS = DEBUG;
				SWIFT_OPTIMIZATION_LEVEL = "-Onone";
			};
			name = Debug;
		};
		4112D3AD20C1FB0E00FABEB3 /* Release */ = {
			isa = XCBuildConfiguration;
			buildSettings = {
				ALWAYS_SEARCH_USER_PATHS = NO;
				CLANG_ANALYZER_NONNULL = YES;
				CLANG_ANALYZER_NUMBER_OBJECT_CONVERSION = YES_AGGRESSIVE;
				CLANG_CXX_LANGUAGE_STANDARD = "gnu++14";
				CLANG_CXX_LIBRARY = "libc++";
				CLANG_ENABLE_MODULES = YES;
				CLANG_ENABLE_OBJC_ARC = YES;
				CLANG_ENABLE_OBJC_WEAK = YES;
				CLANG_WARN_BLOCK_CAPTURE_AUTORELEASING = YES;
				CLANG_WARN_BOOL_CONVERSION = YES;
				CLANG_WARN_COMMA = YES;
				CLANG_WARN_CONSTANT_CONVERSION = YES;
				CLANG_WARN_DEPRECATED_OBJC_IMPLEMENTATIONS = YES;
				CLANG_WARN_DIRECT_OBJC_ISA_USAGE = YES_ERROR;
				CLANG_WARN_DOCUMENTATION_COMMENTS = YES;
				CLANG_WARN_EMPTY_BODY = YES;
				CLANG_WARN_ENUM_CONVERSION = YES;
				CLANG_WARN_INFINITE_RECURSION = YES;
				CLANG_WARN_INT_CONVERSION = YES;
				CLANG_WARN_NON_LITERAL_NULL_CONVERSION = YES;
				CLANG_WARN_OBJC_IMPLICIT_RETAIN_SELF = YES;
				CLANG_WARN_OBJC_LITERAL_CONVERSION = YES;
				CLANG_WARN_OBJC_ROOT_CLASS = YES_ERROR;
				CLANG_WARN_RANGE_LOOP_ANALYSIS = YES;
				CLANG_WARN_STRICT_PROTOTYPES = YES;
				CLANG_WARN_SUSPICIOUS_MOVE = YES;
				CLANG_WARN_UNGUARDED_AVAILABILITY = YES_AGGRESSIVE;
				CLANG_WARN_UNREACHABLE_CODE = YES;
				CLANG_WARN__DUPLICATE_METHOD_MATCH = YES;
				CODE_SIGN_IDENTITY = "iPhone Developer";
				COPY_PHASE_STRIP = NO;
				DEBUG_INFORMATION_FORMAT = "dwarf-with-dsym";
				ENABLE_NS_ASSERTIONS = NO;
				ENABLE_STRICT_OBJC_MSGSEND = YES;
				GCC_C_LANGUAGE_STANDARD = gnu11;
				GCC_NO_COMMON_BLOCKS = YES;
				GCC_WARN_64_TO_32_BIT_CONVERSION = YES;
				GCC_WARN_ABOUT_RETURN_TYPE = YES_ERROR;
				GCC_WARN_UNDECLARED_SELECTOR = YES;
				GCC_WARN_UNINITIALIZED_AUTOS = YES_AGGRESSIVE;
				GCC_WARN_UNUSED_FUNCTION = YES;
				GCC_WARN_UNUSED_VARIABLE = YES;
				IPHONEOS_DEPLOYMENT_TARGET = 11.4;
				MTL_ENABLE_DEBUG_INFO = NO;
				SDKROOT = iphoneos;
				SWIFT_COMPILATION_MODE = wholemodule;
				SWIFT_OPTIMIZATION_LEVEL = "-O";
				VALIDATE_PRODUCT = YES;
			};
			name = Release;
		};
		4112D3AF20C1FB0E00FABEB3 /* Debug */ = {
			isa = XCBuildConfiguration;
			buildSettings = {
				ASSETCATALOG_COMPILER_APPICON_NAME = AppIcon;
				CODE_SIGN_STYLE = Automatic;
				DEVELOPMENT_TEAM = 23P2WNBSHC;
				FRAMEWORK_SEARCH_PATHS = (
					"$(inherited)",
					"$(PROJECT_DIR)/Carthage/Build/iOS",
				);
				INFOPLIST_FILE = pnutAPI/Info.plist;
				LD_RUNPATH_SEARCH_PATHS = (
					"$(inherited)",
					"@executable_path/Frameworks",
				);
				PRODUCT_BUNDLE_IDENTIFIER = io.wtr.pnutAPI;
				PRODUCT_NAME = "$(TARGET_NAME)";
				SWIFT_VERSION = 4.0;
				TARGETED_DEVICE_FAMILY = "1,2";
			};
			name = Debug;
		};
		4112D3B020C1FB0E00FABEB3 /* Release */ = {
			isa = XCBuildConfiguration;
			buildSettings = {
				ASSETCATALOG_COMPILER_APPICON_NAME = AppIcon;
				CODE_SIGN_STYLE = Automatic;
				DEVELOPMENT_TEAM = 23P2WNBSHC;
				FRAMEWORK_SEARCH_PATHS = (
					"$(inherited)",
					"$(PROJECT_DIR)/Carthage/Build/iOS",
				);
				INFOPLIST_FILE = pnutAPI/Info.plist;
				LD_RUNPATH_SEARCH_PATHS = (
					"$(inherited)",
					"@executable_path/Frameworks",
				);
				PRODUCT_BUNDLE_IDENTIFIER = io.wtr.pnutAPI;
				PRODUCT_NAME = "$(TARGET_NAME)";
				SWIFT_VERSION = 4.0;
				TARGETED_DEVICE_FAMILY = "1,2";
			};
			name = Release;
		};
/* End XCBuildConfiguration section */

/* Begin XCConfigurationList section */
		4112D39720C1FB0C00FABEB3 /* Build configuration list for PBXProject "pnutAPI" */ = {
			isa = XCConfigurationList;
			buildConfigurations = (
				4112D3AC20C1FB0E00FABEB3 /* Debug */,
				4112D3AD20C1FB0E00FABEB3 /* Release */,
			);
			defaultConfigurationIsVisible = 0;
			defaultConfigurationName = Release;
		};
		4112D3AE20C1FB0E00FABEB3 /* Build configuration list for PBXNativeTarget "pnutAPI" */ = {
			isa = XCConfigurationList;
			buildConfigurations = (
				4112D3AF20C1FB0E00FABEB3 /* Debug */,
				4112D3B020C1FB0E00FABEB3 /* Release */,
			);
			defaultConfigurationIsVisible = 0;
			defaultConfigurationName = Release;
		};
/* End XCConfigurationList section */
	};
	rootObject = 4112D39420C1FB0C00FABEB3 /* Project object */;
}
